<?xml version="1.0" encoding="utf-8"?>
<Project ToolsVersion="4.0" xmlns="http://schemas.microsoft.com/developer/msbuild/2003">
  <ItemGroup>
    <Filter Include="源文件">
      <UniqueIdentifier>{4FC737F1-C7A5-4376-A066-2A32D752A2FF}</UniqueIdentifier>
      <Extensions>cpp;c;cc;cxx;def;odl;idl;hpj;bat;asm;asmx</Extensions>
    </Filter>
    <Filter Include="头文件">
      <UniqueIdentifier>{93995380-89BD-4b04-88EB-625FBE52EBFB}</UniqueIdentifier>
      <Extensions>h;hpp;hxx;hm;inl;inc;xsd</Extensions>
    </Filter>
    <Filter Include="资源文件">
      <UniqueIdentifier>{67DA6AB6-F800-4c08-8B7A-83BB121AAD01}</UniqueIdentifier>
      <Extensions>rc;ico;cur;bmp;dlg;rc2;rct;bin;rgs;gif;jpg;jpeg;jpe;resx;tiff;tif;png;wav;mfcribbon-ms</Extensions>
    </Filter>
    <Filter Include="头文件\Tool">
      <UniqueIdentifier>{30b581bd-98c3-41c8-85a4-2728f08604c3}</UniqueIdentifier>
    </Filter>
    <Filter Include="源文件\Tool">
      <UniqueIdentifier>{1a71585f-43f7-46f0-a62e-954809d23bb9}</UniqueIdentifier>
    </Filter>
    <Filter Include="头文件\Socket">
      <UniqueIdentifier>{d3643488-172d-4546-9862-d17003cf7e8b}</UniqueIdentifier>
    </Filter>
    <Filter Include="源文件\Socket">
      <UniqueIdentifier>{ac3d2307-9b16-4737-900f-2b2351e8baa3}</UniqueIdentifier>
    </Filter>
    <Filter Include="头文件\Database">
      <UniqueIdentifier>{80c74ba8-2b40-45df-afdf-2d74b8489949}</UniqueIdentifier>
    </Filter>
    <Filter Include="源文件\Database">
      <UniqueIdentifier>{fd912bf8-e9a5-44a7-9d6d-7fee6cbdd175}</UniqueIdentifier>
    </Filter>
  </ItemGroup>
  <ItemGroup>
    <ClCompile Include="ServicesToolMain.cpp">
      <Filter>源文件\Tool</Filter>
    </ClCompile>
    <ClCompile Include="CommunicationTool.cpp">
      <Filter>源文件</Filter>
    </ClCompile>
    <ClCompile Include="..\..\Common\Socket\Services\CommandServicesObj.cpp">
      <Filter>源文件\Socket</Filter>
    </ClCompile>
    <ClCompile Include="..\..\Common\Socket\Services\ResourceServicesObj.cpp">
      <Filter>源文件\Socket</Filter>
    </ClCompile>
    <ClCompile Include="..\..\Common\Socket\Services\MiniWebsvr\mongoose.c">
      <Filter>源文件\Socket</Filter>
    </ClCompile>
    <ClCompile Include="..\..\Common\Socket\Services\HttpServicesObj.cpp">
      <Filter>源文件\Socket</Filter>
    </ClCompile>
    <ClCompile Include="..\..\Common\Database\SmartDB.cpp">
      <Filter>源文件\Database</Filter>
    </ClCompile>
  </ItemGroup>
  <ItemGroup>
    <ClInclude Include="CommunicationTool.h">
      <Filter>头文件</Filter>
    </ClInclude>
    <ClInclude Include="ServicesToolMain.h">
      <Filter>头文件\Tool</Filter>
    </ClInclude>
    <ClInclude Include="resource.h">
      <Filter>资源文件</Filter>
    </ClInclude>
    <ClInclude Include="..\..\Common\Socket\Services\CommandServicesObj.h">
      <Filter>头文件\Socket</Filter>
    </ClInclude>
    <ClInclude Include="..\..\Common\Socket\Services\ResourceServicesObj.h">
      <Filter>头文件\Socket</Filter>
    </ClInclude>
    <ClInclude Include="..\..\Common\Socket\Services\MiniWebsvr\mongoose.h">
      <Filter>头文件\Socket</Filter>
    </ClInclude>
    <ClInclude Include="..\..\Common\Socket\Services\HttpServicesObj.h">
      <Filter>头文件\Socket</Filter>
    </ClInclude>
    <ClInclude Include="..\..\Common\Database\SmartDB.h">
      <Filter>头文件\Database</Filter>
    </ClInclude>
    <ClInclude Include="..\..\Common\Database\sqlite3.h">
      <Filter>头文件\Database</Filter>
    </ClInclude>
  </ItemGroup>
  <ItemGroup>
    <ResourceCompile Include="Resource.Information.rc">
      <Filter>资源文件</Filter>
    </ResourceCompile>
  </ItemGroup>
  <ItemGroup>
    <None Include="ServicesTool.def">
      <Filter>资源文件</Filter>
    </None>
  </ItemGroup>
</Project>