<?xml version="1.0" encoding="utf-8"?>
<Project ToolsVersion="4.0" xmlns="http://schemas.microsoft.com/developer/msbuild/2003">
  <ItemGroup>
    <ClInclude Include="resource.h">
      <Filter>Resource</Filter>
    </ClInclude>
    <ClInclude Include="Cx_CfgDatabase.h">
      <Filter>Header Files</Filter>
    </ClInclude>
    <ClInclude Include="Cx_CfgDbSection.h">
      <Filter>Header Files</Filter>
    </ClInclude>
    <ClInclude Include="Cx_ConfigFactory.h">
      <Filter>Header Files</Filter>
    </ClInclude>
    <ClInclude Include="Cx_SQLParser.h">
      <Filter>Header Files</Filter>
    </ClInclude>
    <ClInclude Include="DbFunc.h">
      <Filter>Header Files</Filter>
    </ClInclude>
    <ClInclude Include="Ix_InitDatabase.h">
      <Filter>Interface Files</Filter>
    </ClInclude>
    <ClInclude Include="Ix_SQLParser.h">
      <Filter>Interface Files</Filter>
    </ClInclude>
    <ClInclude Include="..\..\Interface\Plugin\Interfaces\Database\Ix_ConfigDBFactory.h">
      <Filter>Interface Files</Filter>
    </ClInclude>
    <ClInclude Include="ClsID_Internal.h">
      <Filter>Interface Files</Filter>
    </ClInclude>
  </ItemGroup>
  <ItemGroup>
    <Filter Include="Header Files">
      <UniqueIdentifier>{ade797eb-b212-4403-ad78-c7af40952e4d}</UniqueIdentifier>
    </Filter>
    <Filter Include="Source Files">
      <UniqueIdentifier>{a0bdc48d-7074-469d-9646-06d449748a7b}</UniqueIdentifier>
    </Filter>
    <Filter Include="Interface Files">
      <UniqueIdentifier>{578f9957-11a3-4bec-8504-3d6716c7967b}</UniqueIdentifier>
    </Filter>
    <Filter Include="Resource">
      <UniqueIdentifier>{2f0c5d1b-d15f-4140-84b2-a4eb80228903}</UniqueIdentifier>
    </Filter>
  </ItemGroup>
  <ItemGroup>
    <ResourceCompile Include="Resource.Information.rc">
      <Filter>Resource</Filter>
    </ResourceCompile>
  </ItemGroup>
  <ItemGroup>
    <ClCompile Include="Cx_CfgDatabase.cpp">
      <Filter>Source Files</Filter>
    </ClCompile>
    <ClCompile Include="Cx_CfgDbSection.cpp">
      <Filter>Source Files</Filter>
    </ClCompile>
    <ClCompile Include="Cx_ConfigFactory.cpp">
      <Filter>Source Files</Filter>
    </ClCompile>
    <ClCompile Include="DbFunc.cpp">
      <Filter>Source Files</Filter>
    </ClCompile>
    <ClCompile Include="Module.cpp">
      <Filter>Source Files</Filter>
    </ClCompile>
  </ItemGroup>
  <ItemGroup>
    <None Include="msado15.tlh" />
    <None Include="msado15.tli" />
  </ItemGroup>
</Project>