
Microsoft Visual Studio Solution File, Format Version 11.00
# Visual Studio 2010
Project("{8BC9CEB8-8B4A-11D0-8D11-00A0C91BC942}") = "System.Plugin.Appreciation", "Plugins\System.Plugin.Appreciation\System.Plugin.Appreciation.vcxproj", "{D845FC64-C29B-40A7-82E4-D80460AA5226}"
EndProject
Project("{2150E333-8FDC-42A3-9474-1A3956D46DE8}") = "Plugins", "Plugins", "{D920C482-E308-4432-B13B-043BC06B5EFE}"
EndProject
Project("{8BC9CEB8-8B4A-11D0-8D11-00A0C91BC942}") = "System.Plugin.Remove", "Plugins\System.Plugin.Remove\System.Plugin.Remove.vcxproj", "{8004EE73-5F37-4E18-96A7-B8D92BD6B180}"
	ProjectSection(ProjectDependencies) = postProject
		{0523DE16-6BA7-4ACF-A0FA-EA3E3BC03BA8} = {0523DE16-6BA7-4ACF-A0FA-EA3E3BC03BA8}
		{3A59F11B-8B16-47B4-AF6E-C100AEF11D5C} = {3A59F11B-8B16-47B4-AF6E-C100AEF11D5C}
		{59D41877-2E24-4B51-91EF-985FD0DE346E} = {59D41877-2E24-4B51-91EF-985FD0DE346E}
		{E0A433A2-50BE-4149-84A2-5F68C0E064D5} = {E0A433A2-50BE-4149-84A2-5F68C0E064D5}
		{9A4EC7B8-8394-41F1-8684-AACCF209D68A} = {9A4EC7B8-8394-41F1-8684-AACCF209D68A}
	EndProjectSection
EndProject
Project("{8BC9CEB8-8B4A-11D0-8D11-00A0C91BC942}") = "System.Plugin.SystemInfo", "Plugins\System.Plugin.SystemInfo\System.Plugin.SystemInfo.vcxproj", "{2F801C00-EB13-4F7C-B492-3A8EEEAFCD35}"
EndProject
Project("{2150E333-8FDC-42A3-9474-1A3956D46DE8}") = "Function", "Function", "{57DBEB3C-8284-48AC-BDD2-D028650F4538}"
EndProject
Project("{8BC9CEB8-8B4A-11D0-8D11-00A0C91BC942}") = "Function.Internal.Character", "Function\Function.Internal.Character\Function.Internal.Character.vcxproj", "{3D8DA207-45B2-46CA-9056-9B74F6281D6D}"
EndProject
Project("{8BC9CEB8-8B4A-11D0-8D11-00A0C91BC942}") = "Function.Internal.Encrypt", "Function\Function.Internal.Encrypt\Function.Internal.Encrypt.vcxproj", "{81550798-07E7-4B8A-B69E-961AF7E31D63}"
EndProject
Project("{8BC9CEB8-8B4A-11D0-8D11-00A0C91BC942}") = "Function.Internal.FileControl", "Function\Function.Internal.FileControl\Function.Internal.FileControl.vcxproj", "{59D41877-2E24-4B51-91EF-985FD0DE346E}"
EndProject
Project("{8BC9CEB8-8B4A-11D0-8D11-00A0C91BC942}") = "Function.Internal.HookControl", "Function\Function.Internal.HookControl\Function.Internal.HookControl.vcxproj", "{5C36E535-0346-4D59-AC64-EAEAF4FA340A}"
EndProject
Project("{8BC9CEB8-8B4A-11D0-8D11-00A0C91BC942}") = "Function.Internal.ProcessControl", "Function\Function.Internal.ProcessControl\Function.Internal.ProcessControl.vcxproj", "{0E889005-D67C-46C5-B60B-F7B217BC0C81}"
EndProject
Project("{8BC9CEB8-8B4A-11D0-8D11-00A0C91BC942}") = "Function.Internal.ResourceControl", "Function\Function.Internal.ResourceControl\Function.Internal.ResourceControl.vcxproj", "{3A59F11B-8B16-47B4-AF6E-C100AEF11D5C}"
EndProject
Project("{8BC9CEB8-8B4A-11D0-8D11-00A0C91BC942}") = "Function.Internal.SystemControl", "Function\Function.Internal.SystemControl\Function.Internal.SystemControl.vcxproj", "{4EB7C25F-4DAB-4F79-BCCE-00AA582C61C5}"
EndProject
Project("{8BC9CEB8-8B4A-11D0-8D11-00A0C91BC942}") = "Function.Internal.ZipControl", "Function\Function.Internal.ZipControl\Function.Internal.ZipControl.vcxproj", "{39421B8C-2A9A-4208-A267-1C97DB9D0025}"
EndProject
Project("{8BC9CEB8-8B4A-11D0-8D11-00A0C91BC942}") = "Function.Internal.CommonControl", "Function\Function.Internal.CommonControl\Function.Internal.CommonControl.vcxproj", "{E0A433A2-50BE-4149-84A2-5F68C0E064D5}"
EndProject
Project("{8BC9CEB8-8B4A-11D0-8D11-00A0C91BC942}") = "Function.Internal.RegistryControl", "Function\Function.Internal.RegistryControl\Function.Internal.RegistryControl.vcxproj", "{0523DE16-6BA7-4ACF-A0FA-EA3E3BC03BA8}"
EndProject
Project("{2150E333-8FDC-42A3-9474-1A3956D46DE8}") = "System", "System", "{99046E98-DC4B-4221-9810-3B70451DA4C1}"
EndProject
Project("{8BC9CEB8-8B4A-11D0-8D11-00A0C91BC942}") = "System.Client", "System\System.Client\System.Client.vcxproj", "{6C6F18E3-49B4-4B5F-B518-469E4AC86BF8}"
	ProjectSection(ProjectDependencies) = postProject
		{8004EE73-5F37-4E18-96A7-B8D92BD6B180} = {8004EE73-5F37-4E18-96A7-B8D92BD6B180}
	EndProjectSection
EndProject
Project("{8BC9CEB8-8B4A-11D0-8D11-00A0C91BC942}") = "System.Initialization", "System\System.Initialization\System.Initialization.vcxproj", "{7100550C-45D3-4C76-B6FB-494720CEF1EB}"
	ProjectSection(ProjectDependencies) = postProject
		{C1D15B61-8186-41DE-9B0D-EC289162B461} = {C1D15B61-8186-41DE-9B0D-EC289162B461}
		{E0A433A2-50BE-4149-84A2-5F68C0E064D5} = {E0A433A2-50BE-4149-84A2-5F68C0E064D5}
		{E18791FC-DF0B-4106-82E3-0BB22CA7857B} = {E18791FC-DF0B-4106-82E3-0BB22CA7857B}
	EndProjectSection
EndProject
Project("{8BC9CEB8-8B4A-11D0-8D11-00A0C91BC942}") = "Function.Internal.SocketControl", "Function\Function.Internal.SocketControl\Function.Internal.SocketControl.vcxproj", "{724B8CE5-6D58-47AA-877A-20CE8F795002}"
EndProject
Project("{8BC9CEB8-8B4A-11D0-8D11-00A0C91BC942}") = "Function.Internal.ShareMemory", "Function\Function.Internal.ShareMemory\Function.Internal.ShareMemory.vcxproj", "{C1D15B61-8186-41DE-9B0D-EC289162B461}"
EndProject
Project("{8BC9CEB8-8B4A-11D0-8D11-00A0C91BC942}") = "System.Plugin.Manager", "Plugins\System.Plugin.Manager\System.Plugin.Manager.vcxproj", "{55E440C7-B89C-4A2C-A72F-D8EB2D5F7D31}"
EndProject
Project("{8BC9CEB8-8B4A-11D0-8D11-00A0C91BC942}") = "System.Plugin.FastShutdown", "Plugins\System.Plugin.FastShutdown\System.Plugin.FastShutdown.vcxproj", "{25E2A5F6-BC61-40C5-9BE2-6B7094BF33B4}"
EndProject
Project("{8BC9CEB8-8B4A-11D0-8D11-00A0C91BC942}") = "System.Security", "System\System.Security\System.Security.vcxproj", "{475006B5-4541-413C-AA6B-EC0ECB05790E}"
EndProject
Project("{2150E333-8FDC-42A3-9474-1A3956D46DE8}") = "Debug", "Debug", "{4A73D271-54BC-4473-AD67-A8955DE250FC}"
EndProject
Project("{8BC9CEB8-8B4A-11D0-8D11-00A0C91BC942}") = "System.Build", "System\System.Build\System.Build.vcxproj", "{A4B331DC-BB51-4397-845D-E7A72A23E35F}"
EndProject
Project("{8BC9CEB8-8B4A-11D0-8D11-00A0C91BC942}") = "System.Plugin.IELock", "Plugins\System.Plugin.IELock\System.Plugin.IELock.vcxproj", "{086A6B2B-4ABD-43C9-8B8C-997EA501C514}"
EndProject
Project("{2150E333-8FDC-42A3-9474-1A3956D46DE8}") = "Core", "Core", "{033AC1F4-CE93-4EF6-8517-96D940B56CD9}"
EndProject
Project("{2150E333-8FDC-42A3-9474-1A3956D46DE8}") = "Services", "Services", "{5612F8BF-768B-4AB5-9024-58615C868C4F}"
EndProject
Project("{8BC9CEB8-8B4A-11D0-8D11-00A0C91BC942}") = "King.InternetServer", "Services\King.InternetServer\King.InternetServer.vcxproj", "{40FAA106-6506-4A11-A027-F3493BEA63FB}"
EndProject
Project("{8BC9CEB8-8B4A-11D0-8D11-00A0C91BC942}") = "Services.BootChannel", "Services\Services.BootChannel\Services.BootChannel.vcxproj", "{64D595FD-68F0-43F2-A45F-7F5E758B0369}"
EndProject
Project("{8BC9CEB8-8B4A-11D0-8D11-00A0C91BC942}") = "Services.Communication", "Services\Services.Communication\Services.Communication.vcxproj", "{19B3DE18-696A-42D0-B6E3-48C53BFBD527}"
EndProject
Project("{8BC9CEB8-8B4A-11D0-8D11-00A0C91BC942}") = "System.Plugin.Remote", "Plugins\System.Plugin.Remote\System.Plugin.Remote.vcxproj", "{399608FA-1DAD-43C5-95EF-27F480B48142}"
EndProject
Project("{8BC9CEB8-8B4A-11D0-8D11-00A0C91BC942}") = "System.Plugin.Security", "Plugins\System.Plugin.Security\System.Plugin.Security.vcxproj", "{D61D5FA0-70C8-4B20-BF8A-EA682DEF3580}"
EndProject
Project("{8BC9CEB8-8B4A-11D0-8D11-00A0C91BC942}") = "Function.Internal.XmlControl", "Function\Function.Internal.XmlControl\Function.Internal.XmlControl.vcxproj", "{E18791FC-DF0B-4106-82E3-0BB22CA7857B}"
EndProject
Project("{2150E333-8FDC-42A3-9474-1A3956D46DE8}") = "Software", "Software", "{8954EE42-2209-4790-9792-278C4FF8AC58}"
EndProject
Project("{8BC9CEB8-8B4A-11D0-8D11-00A0C91BC942}") = "Software.BHO", "Software\Software.BHO\Software.BHO.vcxproj", "{9952BBC1-1F3A-4EDE-97C0-2D2701A2BC80}"
EndProject
Project("{8BC9CEB8-8B4A-11D0-8D11-00A0C91BC942}") = "System.Plugin.Bootrun", "Plugins\System.Plugin.Bootrun\System.Plugin.Bootrun.vcxproj", "{79D20EC9-2121-4062-92EE-2F086FD54ACC}"
EndProject
Project("{8BC9CEB8-8B4A-11D0-8D11-00A0C91BC942}") = "Function.Internal.SocketsControl", "Function\Function.Internal.SocketsControl\Function.Internal.SocketsControl.vcxproj", "{47AE7B3C-E415-4441-8828-10B1B6BA63B1}"
EndProject
Project("{8BC9CEB8-8B4A-11D0-8D11-00A0C91BC942}") = "Software.WebServer", "Software\Software.WebServer\Software.WebServer.vcxproj", "{4E959371-1924-4F73-B7BB-14C3DD83DA53}"
EndProject
Project("{8BC9CEB8-8B4A-11D0-8D11-00A0C91BC942}") = "Function.Internal.LuaPlus", "Function.Internal.LuaPlus\Function.Internal.LuaPlus.vcxproj", "{9A4EC7B8-8394-41F1-8684-AACCF209D68A}"
EndProject
Global
	GlobalSection(SolutionConfigurationPlatforms) = preSolution
		Debug|Win32 = Debug|Win32
		Debug|x64 = Debug|x64
		Enterprise|Win32 = Enterprise|Win32
		Enterprise|x64 = Enterprise|x64
		Express|Win32 = Express|Win32
		Express|x64 = Express|x64
		Free|Win32 = Free|Win32
		Free|x64 = Free|x64
		Release|Win32 = Release|Win32
		Release|x64 = Release|x64
	EndGlobalSection
	GlobalSection(ProjectConfigurationPlatforms) = postSolution
		{D845FC64-C29B-40A7-82E4-D80460AA5226}.Debug|Win32.ActiveCfg = Debug|Win32
		{D845FC64-C29B-40A7-82E4-D80460AA5226}.Debug|Win32.Build.0 = Debug|Win32
		{D845FC64-C29B-40A7-82E4-D80460AA5226}.Debug|x64.ActiveCfg = Debug|x64
		{D845FC64-C29B-40A7-82E4-D80460AA5226}.Debug|x64.Build.0 = Debug|x64
		{D845FC64-C29B-40A7-82E4-D80460AA5226}.Enterprise|Win32.ActiveCfg = Release|x64
		{D845FC64-C29B-40A7-82E4-D80460AA5226}.Enterprise|x64.ActiveCfg = Release|x64
		{D845FC64-C29B-40A7-82E4-D80460AA5226}.Enterprise|x64.Build.0 = Release|x64
		{D845FC64-C29B-40A7-82E4-D80460AA5226}.Express|Win32.ActiveCfg = Release|x64
		{D845FC64-C29B-40A7-82E4-D80460AA5226}.Express|x64.ActiveCfg = Release|x64
		{D845FC64-C29B-40A7-82E4-D80460AA5226}.Express|x64.Build.0 = Release|x64
		{D845FC64-C29B-40A7-82E4-D80460AA5226}.Free|Win32.ActiveCfg = Release|x64
		{D845FC64-C29B-40A7-82E4-D80460AA5226}.Free|x64.ActiveCfg = Release|x64
		{D845FC64-C29B-40A7-82E4-D80460AA5226}.Free|x64.Build.0 = Release|x64
		{D845FC64-C29B-40A7-82E4-D80460AA5226}.Release|Win32.ActiveCfg = Release|Win32
		{D845FC64-C29B-40A7-82E4-D80460AA5226}.Release|Win32.Build.0 = Release|Win32
		{D845FC64-C29B-40A7-82E4-D80460AA5226}.Release|x64.ActiveCfg = Release|x64
		{D845FC64-C29B-40A7-82E4-D80460AA5226}.Release|x64.Build.0 = Release|x64
		{8004EE73-5F37-4E18-96A7-B8D92BD6B180}.Debug|Win32.ActiveCfg = Debug|Win32
		{8004EE73-5F37-4E18-96A7-B8D92BD6B180}.Debug|Win32.Build.0 = Debug|Win32
		{8004EE73-5F37-4E18-96A7-B8D92BD6B180}.Debug|x64.ActiveCfg = Debug|x64
		{8004EE73-5F37-4E18-96A7-B8D92BD6B180}.Debug|x64.Build.0 = Debug|x64
		{8004EE73-5F37-4E18-96A7-B8D92BD6B180}.Enterprise|Win32.ActiveCfg = Release|x64
		{8004EE73-5F37-4E18-96A7-B8D92BD6B180}.Enterprise|x64.ActiveCfg = Release|x64
		{8004EE73-5F37-4E18-96A7-B8D92BD6B180}.Enterprise|x64.Build.0 = Release|x64
		{8004EE73-5F37-4E18-96A7-B8D92BD6B180}.Express|Win32.ActiveCfg = Release|x64
		{8004EE73-5F37-4E18-96A7-B8D92BD6B180}.Express|x64.ActiveCfg = Release|x64
		{8004EE73-5F37-4E18-96A7-B8D92BD6B180}.Express|x64.Build.0 = Release|x64
		{8004EE73-5F37-4E18-96A7-B8D92BD6B180}.Free|Win32.ActiveCfg = Release|x64
		{8004EE73-5F37-4E18-96A7-B8D92BD6B180}.Free|x64.ActiveCfg = Release|x64
		{8004EE73-5F37-4E18-96A7-B8D92BD6B180}.Free|x64.Build.0 = Release|x64
		{8004EE73-5F37-4E18-96A7-B8D92BD6B180}.Release|Win32.ActiveCfg = Release|Win32
		{8004EE73-5F37-4E18-96A7-B8D92BD6B180}.Release|Win32.Build.0 = Release|Win32
		{8004EE73-5F37-4E18-96A7-B8D92BD6B180}.Release|x64.ActiveCfg = Release|x64
		{8004EE73-5F37-4E18-96A7-B8D92BD6B180}.Release|x64.Build.0 = Release|x64
		{2F801C00-EB13-4F7C-B492-3A8EEEAFCD35}.Debug|Win32.ActiveCfg = Debug|Win32
		{2F801C00-EB13-4F7C-B492-3A8EEEAFCD35}.Debug|Win32.Build.0 = Debug|Win32
		{2F801C00-EB13-4F7C-B492-3A8EEEAFCD35}.Debug|x64.ActiveCfg = Debug|x64
		{2F801C00-EB13-4F7C-B492-3A8EEEAFCD35}.Debug|x64.Build.0 = Debug|x64
		{2F801C00-EB13-4F7C-B492-3A8EEEAFCD35}.Enterprise|Win32.ActiveCfg = Release|x64
		{2F801C00-EB13-4F7C-B492-3A8EEEAFCD35}.Enterprise|x64.ActiveCfg = Release|x64
		{2F801C00-EB13-4F7C-B492-3A8EEEAFCD35}.Enterprise|x64.Build.0 = Release|x64
		{2F801C00-EB13-4F7C-B492-3A8EEEAFCD35}.Express|Win32.ActiveCfg = Release|x64
		{2F801C00-EB13-4F7C-B492-3A8EEEAFCD35}.Express|x64.ActiveCfg = Release|x64
		{2F801C00-EB13-4F7C-B492-3A8EEEAFCD35}.Express|x64.Build.0 = Release|x64
		{2F801C00-EB13-4F7C-B492-3A8EEEAFCD35}.Free|Win32.ActiveCfg = Release|x64
		{2F801C00-EB13-4F7C-B492-3A8EEEAFCD35}.Free|x64.ActiveCfg = Release|x64
		{2F801C00-EB13-4F7C-B492-3A8EEEAFCD35}.Free|x64.Build.0 = Release|x64
		{2F801C00-EB13-4F7C-B492-3A8EEEAFCD35}.Release|Win32.ActiveCfg = Release|Win32
		{2F801C00-EB13-4F7C-B492-3A8EEEAFCD35}.Release|Win32.Build.0 = Release|Win32
		{2F801C00-EB13-4F7C-B492-3A8EEEAFCD35}.Release|x64.ActiveCfg = Release|x64
		{2F801C00-EB13-4F7C-B492-3A8EEEAFCD35}.Release|x64.Build.0 = Release|x64
		{3D8DA207-45B2-46CA-9056-9B74F6281D6D}.Debug|Win32.ActiveCfg = Debug|Win32
		{3D8DA207-45B2-46CA-9056-9B74F6281D6D}.Debug|Win32.Build.0 = Debug|Win32
		{3D8DA207-45B2-46CA-9056-9B74F6281D6D}.Debug|x64.ActiveCfg = Debug|Win32
		{3D8DA207-45B2-46CA-9056-9B74F6281D6D}.Enterprise|Win32.ActiveCfg = Release|Win32
		{3D8DA207-45B2-46CA-9056-9B74F6281D6D}.Enterprise|Win32.Build.0 = Release|Win32
		{3D8DA207-45B2-46CA-9056-9B74F6281D6D}.Enterprise|x64.ActiveCfg = Release|Win32
		{3D8DA207-45B2-46CA-9056-9B74F6281D6D}.Express|Win32.ActiveCfg = Release|Win32
		{3D8DA207-45B2-46CA-9056-9B74F6281D6D}.Express|Win32.Build.0 = Release|Win32
		{3D8DA207-45B2-46CA-9056-9B74F6281D6D}.Express|x64.ActiveCfg = Release|Win32
		{3D8DA207-45B2-46CA-9056-9B74F6281D6D}.Free|Win32.ActiveCfg = Release|Win32
		{3D8DA207-45B2-46CA-9056-9B74F6281D6D}.Free|Win32.Build.0 = Release|Win32
		{3D8DA207-45B2-46CA-9056-9B74F6281D6D}.Free|x64.ActiveCfg = Release|Win32
		{3D8DA207-45B2-46CA-9056-9B74F6281D6D}.Release|Win32.ActiveCfg = Release|Win32
		{3D8DA207-45B2-46CA-9056-9B74F6281D6D}.Release|Win32.Build.0 = Release|Win32
		{3D8DA207-45B2-46CA-9056-9B74F6281D6D}.Release|x64.ActiveCfg = Release|Win32
		{81550798-07E7-4B8A-B69E-961AF7E31D63}.Debug|Win32.ActiveCfg = Debug|Win32
		{81550798-07E7-4B8A-B69E-961AF7E31D63}.Debug|Win32.Build.0 = Debug|Win32
		{81550798-07E7-4B8A-B69E-961AF7E31D63}.Debug|x64.ActiveCfg = Debug|Win32
		{81550798-07E7-4B8A-B69E-961AF7E31D63}.Enterprise|Win32.ActiveCfg = Release|Win32
		{81550798-07E7-4B8A-B69E-961AF7E31D63}.Enterprise|Win32.Build.0 = Release|Win32
		{81550798-07E7-4B8A-B69E-961AF7E31D63}.Enterprise|x64.ActiveCfg = Release|Win32
		{81550798-07E7-4B8A-B69E-961AF7E31D63}.Express|Win32.ActiveCfg = Release|Win32
		{81550798-07E7-4B8A-B69E-961AF7E31D63}.Express|Win32.Build.0 = Release|Win32
		{81550798-07E7-4B8A-B69E-961AF7E31D63}.Express|x64.ActiveCfg = Release|Win32
		{81550798-07E7-4B8A-B69E-961AF7E31D63}.Free|Win32.ActiveCfg = Release|Win32
		{81550798-07E7-4B8A-B69E-961AF7E31D63}.Free|Win32.Build.0 = Release|Win32
		{81550798-07E7-4B8A-B69E-961AF7E31D63}.Free|x64.ActiveCfg = Release|Win32
		{81550798-07E7-4B8A-B69E-961AF7E31D63}.Release|Win32.ActiveCfg = Release|Win32
		{81550798-07E7-4B8A-B69E-961AF7E31D63}.Release|Win32.Build.0 = Release|Win32
		{81550798-07E7-4B8A-B69E-961AF7E31D63}.Release|x64.ActiveCfg = Release|Win32
		{59D41877-2E24-4B51-91EF-985FD0DE346E}.Debug|Win32.ActiveCfg = Debug|Win32
		{59D41877-2E24-4B51-91EF-985FD0DE346E}.Debug|Win32.Build.0 = Debug|Win32
		{59D41877-2E24-4B51-91EF-985FD0DE346E}.Debug|x64.ActiveCfg = Debug|Win32
		{59D41877-2E24-4B51-91EF-985FD0DE346E}.Enterprise|Win32.ActiveCfg = Release|Win32
		{59D41877-2E24-4B51-91EF-985FD0DE346E}.Enterprise|Win32.Build.0 = Release|Win32
		{59D41877-2E24-4B51-91EF-985FD0DE346E}.Enterprise|x64.ActiveCfg = Release|Win32
		{59D41877-2E24-4B51-91EF-985FD0DE346E}.Express|Win32.ActiveCfg = Release|Win32
		{59D41877-2E24-4B51-91EF-985FD0DE346E}.Express|Win32.Build.0 = Release|Win32
		{59D41877-2E24-4B51-91EF-985FD0DE346E}.Express|x64.ActiveCfg = Release|Win32
		{59D41877-2E24-4B51-91EF-985FD0DE346E}.Free|Win32.ActiveCfg = Release|Win32
		{59D41877-2E24-4B51-91EF-985FD0DE346E}.Free|Win32.Build.0 = Release|Win32
		{59D41877-2E24-4B51-91EF-985FD0DE346E}.Free|x64.ActiveCfg = Release|Win32
		{59D41877-2E24-4B51-91EF-985FD0DE346E}.Release|Win32.ActiveCfg = Release|Win32
		{59D41877-2E24-4B51-91EF-985FD0DE346E}.Release|Win32.Build.0 = Release|Win32
		{59D41877-2E24-4B51-91EF-985FD0DE346E}.Release|x64.ActiveCfg = Release|Win32
		{5C36E535-0346-4D59-AC64-EAEAF4FA340A}.Debug|Win32.ActiveCfg = Debug|Win32
		{5C36E535-0346-4D59-AC64-EAEAF4FA340A}.Debug|Win32.Build.0 = Debug|Win32
		{5C36E535-0346-4D59-AC64-EAEAF4FA340A}.Debug|x64.ActiveCfg = Debug|Win32
		{5C36E535-0346-4D59-AC64-EAEAF4FA340A}.Enterprise|Win32.ActiveCfg = Release|Win32
		{5C36E535-0346-4D59-AC64-EAEAF4FA340A}.Enterprise|Win32.Build.0 = Release|Win32
		{5C36E535-0346-4D59-AC64-EAEAF4FA340A}.Enterprise|x64.ActiveCfg = Release|Win32
		{5C36E535-0346-4D59-AC64-EAEAF4FA340A}.Express|Win32.ActiveCfg = Release|Win32
		{5C36E535-0346-4D59-AC64-EAEAF4FA340A}.Express|Win32.Build.0 = Release|Win32
		{5C36E535-0346-4D59-AC64-EAEAF4FA340A}.Express|x64.ActiveCfg = Release|Win32
		{5C36E535-0346-4D59-AC64-EAEAF4FA340A}.Free|Win32.ActiveCfg = Release|Win32
		{5C36E535-0346-4D59-AC64-EAEAF4FA340A}.Free|Win32.Build.0 = Release|Win32
		{5C36E535-0346-4D59-AC64-EAEAF4FA340A}.Free|x64.ActiveCfg = Release|Win32
		{5C36E535-0346-4D59-AC64-EAEAF4FA340A}.Release|Win32.ActiveCfg = Release|Win32
		{5C36E535-0346-4D59-AC64-EAEAF4FA340A}.Release|Win32.Build.0 = Release|Win32
		{5C36E535-0346-4D59-AC64-EAEAF4FA340A}.Release|x64.ActiveCfg = Release|Win32
		{0E889005-D67C-46C5-B60B-F7B217BC0C81}.Debug|Win32.ActiveCfg = Debug|Win32
		{0E889005-D67C-46C5-B60B-F7B217BC0C81}.Debug|Win32.Build.0 = Debug|Win32
		{0E889005-D67C-46C5-B60B-F7B217BC0C81}.Debug|x64.ActiveCfg = Debug|Win32
		{0E889005-D67C-46C5-B60B-F7B217BC0C81}.Enterprise|Win32.ActiveCfg = Release|Win32
		{0E889005-D67C-46C5-B60B-F7B217BC0C81}.Enterprise|Win32.Build.0 = Release|Win32
		{0E889005-D67C-46C5-B60B-F7B217BC0C81}.Enterprise|x64.ActiveCfg = Release|Win32
		{0E889005-D67C-46C5-B60B-F7B217BC0C81}.Express|Win32.ActiveCfg = Release|Win32
		{0E889005-D67C-46C5-B60B-F7B217BC0C81}.Express|Win32.Build.0 = Release|Win32
		{0E889005-D67C-46C5-B60B-F7B217BC0C81}.Express|x64.ActiveCfg = Release|Win32
		{0E889005-D67C-46C5-B60B-F7B217BC0C81}.Free|Win32.ActiveCfg = Release|Win32
		{0E889005-D67C-46C5-B60B-F7B217BC0C81}.Free|Win32.Build.0 = Release|Win32
		{0E889005-D67C-46C5-B60B-F7B217BC0C81}.Free|x64.ActiveCfg = Release|Win32
		{0E889005-D67C-46C5-B60B-F7B217BC0C81}.Release|Win32.ActiveCfg = Release|Win32
		{0E889005-D67C-46C5-B60B-F7B217BC0C81}.Release|Win32.Build.0 = Release|Win32
		{0E889005-D67C-46C5-B60B-F7B217BC0C81}.Release|x64.ActiveCfg = Release|Win32
		{3A59F11B-8B16-47B4-AF6E-C100AEF11D5C}.Debug|Win32.ActiveCfg = Debug|Win32
		{3A59F11B-8B16-47B4-AF6E-C100AEF11D5C}.Debug|Win32.Build.0 = Debug|Win32
		{3A59F11B-8B16-47B4-AF6E-C100AEF11D5C}.Debug|x64.ActiveCfg = Debug|Win32
		{3A59F11B-8B16-47B4-AF6E-C100AEF11D5C}.Enterprise|Win32.ActiveCfg = Release|Win32
		{3A59F11B-8B16-47B4-AF6E-C100AEF11D5C}.Enterprise|Win32.Build.0 = Release|Win32
		{3A59F11B-8B16-47B4-AF6E-C100AEF11D5C}.Enterprise|x64.ActiveCfg = Release|Win32
		{3A59F11B-8B16-47B4-AF6E-C100AEF11D5C}.Express|Win32.ActiveCfg = Release|Win32
		{3A59F11B-8B16-47B4-AF6E-C100AEF11D5C}.Express|Win32.Build.0 = Release|Win32
		{3A59F11B-8B16-47B4-AF6E-C100AEF11D5C}.Express|x64.ActiveCfg = Release|Win32
		{3A59F11B-8B16-47B4-AF6E-C100AEF11D5C}.Free|Win32.ActiveCfg = Release|Win32
		{3A59F11B-8B16-47B4-AF6E-C100AEF11D5C}.Free|Win32.Build.0 = Release|Win32
		{3A59F11B-8B16-47B4-AF6E-C100AEF11D5C}.Free|x64.ActiveCfg = Release|Win32
		{3A59F11B-8B16-47B4-AF6E-C100AEF11D5C}.Release|Win32.ActiveCfg = Release|Win32
		{3A59F11B-8B16-47B4-AF6E-C100AEF11D5C}.Release|Win32.Build.0 = Release|Win32
		{3A59F11B-8B16-47B4-AF6E-C100AEF11D5C}.Release|x64.ActiveCfg = Release|Win32
		{4EB7C25F-4DAB-4F79-BCCE-00AA582C61C5}.Debug|Win32.ActiveCfg = Debug|Win32
		{4EB7C25F-4DAB-4F79-BCCE-00AA582C61C5}.Debug|Win32.Build.0 = Debug|Win32
		{4EB7C25F-4DAB-4F79-BCCE-00AA582C61C5}.Debug|x64.ActiveCfg = Debug|Win32
		{4EB7C25F-4DAB-4F79-BCCE-00AA582C61C5}.Enterprise|Win32.ActiveCfg = Release|Win32
		{4EB7C25F-4DAB-4F79-BCCE-00AA582C61C5}.Enterprise|Win32.Build.0 = Release|Win32
		{4EB7C25F-4DAB-4F79-BCCE-00AA582C61C5}.Enterprise|x64.ActiveCfg = Release|Win32
		{4EB7C25F-4DAB-4F79-BCCE-00AA582C61C5}.Express|Win32.ActiveCfg = Release|Win32
		{4EB7C25F-4DAB-4F79-BCCE-00AA582C61C5}.Express|Win32.Build.0 = Release|Win32
		{4EB7C25F-4DAB-4F79-BCCE-00AA582C61C5}.Express|x64.ActiveCfg = Release|Win32
		{4EB7C25F-4DAB-4F79-BCCE-00AA582C61C5}.Free|Win32.ActiveCfg = Release|Win32
		{4EB7C25F-4DAB-4F79-BCCE-00AA582C61C5}.Free|Win32.Build.0 = Release|Win32
		{4EB7C25F-4DAB-4F79-BCCE-00AA582C61C5}.Free|x64.ActiveCfg = Release|Win32
		{4EB7C25F-4DAB-4F79-BCCE-00AA582C61C5}.Release|Win32.ActiveCfg = Release|Win32
		{4EB7C25F-4DAB-4F79-BCCE-00AA582C61C5}.Release|Win32.Build.0 = Release|Win32
		{4EB7C25F-4DAB-4F79-BCCE-00AA582C61C5}.Release|x64.ActiveCfg = Release|Win32
		{39421B8C-2A9A-4208-A267-1C97DB9D0025}.Debug|Win32.ActiveCfg = Debug|Win32
		{39421B8C-2A9A-4208-A267-1C97DB9D0025}.Debug|Win32.Build.0 = Debug|Win32
		{39421B8C-2A9A-4208-A267-1C97DB9D0025}.Debug|x64.ActiveCfg = Debug|Win32
		{39421B8C-2A9A-4208-A267-1C97DB9D0025}.Enterprise|Win32.ActiveCfg = Release|Win32
		{39421B8C-2A9A-4208-A267-1C97DB9D0025}.Enterprise|Win32.Build.0 = Release|Win32
		{39421B8C-2A9A-4208-A267-1C97DB9D0025}.Enterprise|x64.ActiveCfg = Release|Win32
		{39421B8C-2A9A-4208-A267-1C97DB9D0025}.Express|Win32.ActiveCfg = Release|Win32
		{39421B8C-2A9A-4208-A267-1C97DB9D0025}.Express|Win32.Build.0 = Release|Win32
		{39421B8C-2A9A-4208-A267-1C97DB9D0025}.Express|x64.ActiveCfg = Release|Win32
		{39421B8C-2A9A-4208-A267-1C97DB9D0025}.Free|Win32.ActiveCfg = Release|Win32
		{39421B8C-2A9A-4208-A267-1C97DB9D0025}.Free|Win32.Build.0 = Release|Win32
		{39421B8C-2A9A-4208-A267-1C97DB9D0025}.Free|x64.ActiveCfg = Release|Win32
		{39421B8C-2A9A-4208-A267-1C97DB9D0025}.Release|Win32.ActiveCfg = Release|Win32
		{39421B8C-2A9A-4208-A267-1C97DB9D0025}.Release|Win32.Build.0 = Release|Win32
		{39421B8C-2A9A-4208-A267-1C97DB9D0025}.Release|x64.ActiveCfg = Release|Win32
		{E0A433A2-50BE-4149-84A2-5F68C0E064D5}.Debug|Win32.ActiveCfg = Debug|Win32
		{E0A433A2-50BE-4149-84A2-5F68C0E064D5}.Debug|Win32.Build.0 = Debug|Win32
		{E0A433A2-50BE-4149-84A2-5F68C0E064D5}.Debug|x64.ActiveCfg = Debug|Win32
		{E0A433A2-50BE-4149-84A2-5F68C0E064D5}.Enterprise|Win32.ActiveCfg = Release|Win32
		{E0A433A2-50BE-4149-84A2-5F68C0E064D5}.Enterprise|Win32.Build.0 = Release|Win32
		{E0A433A2-50BE-4149-84A2-5F68C0E064D5}.Enterprise|x64.ActiveCfg = Release|Win32
		{E0A433A2-50BE-4149-84A2-5F68C0E064D5}.Express|Win32.ActiveCfg = Release|Win32
		{E0A433A2-50BE-4149-84A2-5F68C0E064D5}.Express|Win32.Build.0 = Release|Win32
		{E0A433A2-50BE-4149-84A2-5F68C0E064D5}.Express|x64.ActiveCfg = Release|Win32
		{E0A433A2-50BE-4149-84A2-5F68C0E064D5}.Free|Win32.ActiveCfg = Release|Win32
		{E0A433A2-50BE-4149-84A2-5F68C0E064D5}.Free|Win32.Build.0 = Release|Win32
		{E0A433A2-50BE-4149-84A2-5F68C0E064D5}.Free|x64.ActiveCfg = Release|Win32
		{E0A433A2-50BE-4149-84A2-5F68C0E064D5}.Release|Win32.ActiveCfg = Release|Win32
		{E0A433A2-50BE-4149-84A2-5F68C0E064D5}.Release|Win32.Build.0 = Release|Win32
		{E0A433A2-50BE-4149-84A2-5F68C0E064D5}.Release|x64.ActiveCfg = Release|Win32
		{0523DE16-6BA7-4ACF-A0FA-EA3E3BC03BA8}.Debug|Win32.ActiveCfg = Debug|Win32
		{0523DE16-6BA7-4ACF-A0FA-EA3E3BC03BA8}.Debug|Win32.Build.0 = Debug|Win32
		{0523DE16-6BA7-4ACF-A0FA-EA3E3BC03BA8}.Debug|x64.ActiveCfg = Debug|Win32
		{0523DE16-6BA7-4ACF-A0FA-EA3E3BC03BA8}.Enterprise|Win32.ActiveCfg = Enterprise|Win32
		{0523DE16-6BA7-4ACF-A0FA-EA3E3BC03BA8}.Enterprise|Win32.Build.0 = Enterprise|Win32
		{0523DE16-6BA7-4ACF-A0FA-EA3E3BC03BA8}.Enterprise|x64.ActiveCfg = Enterprise|Win32
		{0523DE16-6BA7-4ACF-A0FA-EA3E3BC03BA8}.Express|Win32.ActiveCfg = Express|Win32
		{0523DE16-6BA7-4ACF-A0FA-EA3E3BC03BA8}.Express|Win32.Build.0 = Express|Win32
		{0523DE16-6BA7-4ACF-A0FA-EA3E3BC03BA8}.Express|x64.ActiveCfg = Express|Win32
		{0523DE16-6BA7-4ACF-A0FA-EA3E3BC03BA8}.Free|Win32.ActiveCfg = Free|Win32
		{0523DE16-6BA7-4ACF-A0FA-EA3E3BC03BA8}.Free|Win32.Build.0 = Free|Win32
		{0523DE16-6BA7-4ACF-A0FA-EA3E3BC03BA8}.Free|x64.ActiveCfg = Free|Win32
		{0523DE16-6BA7-4ACF-A0FA-EA3E3BC03BA8}.Release|Win32.ActiveCfg = Release|Win32
		{0523DE16-6BA7-4ACF-A0FA-EA3E3BC03BA8}.Release|Win32.Build.0 = Release|Win32
		{0523DE16-6BA7-4ACF-A0FA-EA3E3BC03BA8}.Release|x64.ActiveCfg = Release|Win32
		{6C6F18E3-49B4-4B5F-B518-469E4AC86BF8}.Debug|Win32.ActiveCfg = Debug|Win32
		{6C6F18E3-49B4-4B5F-B518-469E4AC86BF8}.Debug|Win32.Build.0 = Debug|Win32
		{6C6F18E3-49B4-4B5F-B518-469E4AC86BF8}.Debug|x64.ActiveCfg = Debug|Win32
		{6C6F18E3-49B4-4B5F-B518-469E4AC86BF8}.Enterprise|Win32.ActiveCfg = Release|Win32
		{6C6F18E3-49B4-4B5F-B518-469E4AC86BF8}.Enterprise|Win32.Build.0 = Release|Win32
		{6C6F18E3-49B4-4B5F-B518-469E4AC86BF8}.Enterprise|x64.ActiveCfg = Release|Win32
		{6C6F18E3-49B4-4B5F-B518-469E4AC86BF8}.Express|Win32.ActiveCfg = Release|Win32
		{6C6F18E3-49B4-4B5F-B518-469E4AC86BF8}.Express|Win32.Build.0 = Release|Win32
		{6C6F18E3-49B4-4B5F-B518-469E4AC86BF8}.Express|x64.ActiveCfg = Release|Win32
		{6C6F18E3-49B4-4B5F-B518-469E4AC86BF8}.Free|Win32.ActiveCfg = Release|Win32
		{6C6F18E3-49B4-4B5F-B518-469E4AC86BF8}.Free|Win32.Build.0 = Release|Win32
		{6C6F18E3-49B4-4B5F-B518-469E4AC86BF8}.Free|x64.ActiveCfg = Release|Win32
		{6C6F18E3-49B4-4B5F-B518-469E4AC86BF8}.Release|Win32.ActiveCfg = Release|Win32
		{6C6F18E3-49B4-4B5F-B518-469E4AC86BF8}.Release|Win32.Build.0 = Release|Win32
		{6C6F18E3-49B4-4B5F-B518-469E4AC86BF8}.Release|x64.ActiveCfg = Release|Win32
		{7100550C-45D3-4C76-B6FB-494720CEF1EB}.Debug|Win32.ActiveCfg = Debug|Win32
		{7100550C-45D3-4C76-B6FB-494720CEF1EB}.Debug|Win32.Build.0 = Debug|Win32
		{7100550C-45D3-4C76-B6FB-494720CEF1EB}.Debug|x64.ActiveCfg = Debug|Win32
		{7100550C-45D3-4C76-B6FB-494720CEF1EB}.Enterprise|Win32.ActiveCfg = Release|Win32
		{7100550C-45D3-4C76-B6FB-494720CEF1EB}.Enterprise|Win32.Build.0 = Release|Win32
		{7100550C-45D3-4C76-B6FB-494720CEF1EB}.Enterprise|x64.ActiveCfg = Release|Win32
		{7100550C-45D3-4C76-B6FB-494720CEF1EB}.Express|Win32.ActiveCfg = Release|Win32
		{7100550C-45D3-4C76-B6FB-494720CEF1EB}.Express|Win32.Build.0 = Release|Win32
		{7100550C-45D3-4C76-B6FB-494720CEF1EB}.Express|x64.ActiveCfg = Release|Win32
		{7100550C-45D3-4C76-B6FB-494720CEF1EB}.Free|Win32.ActiveCfg = Release|Win32
		{7100550C-45D3-4C76-B6FB-494720CEF1EB}.Free|Win32.Build.0 = Release|Win32
		{7100550C-45D3-4C76-B6FB-494720CEF1EB}.Free|x64.ActiveCfg = Release|Win32
		{7100550C-45D3-4C76-B6FB-494720CEF1EB}.Release|Win32.ActiveCfg = Release|Win32
		{7100550C-45D3-4C76-B6FB-494720CEF1EB}.Release|Win32.Build.0 = Release|Win32
		{7100550C-45D3-4C76-B6FB-494720CEF1EB}.Release|x64.ActiveCfg = Release|Win32
		{724B8CE5-6D58-47AA-877A-20CE8F795002}.Debug|Win32.ActiveCfg = Debug|Win32
		{724B8CE5-6D58-47AA-877A-20CE8F795002}.Debug|Win32.Build.0 = Debug|Win32
		{724B8CE5-6D58-47AA-877A-20CE8F795002}.Debug|x64.ActiveCfg = Debug|Win32
		{724B8CE5-6D58-47AA-877A-20CE8F795002}.Enterprise|Win32.ActiveCfg = Enterprise|Win32
		{724B8CE5-6D58-47AA-877A-20CE8F795002}.Enterprise|Win32.Build.0 = Enterprise|Win32
		{724B8CE5-6D58-47AA-877A-20CE8F795002}.Enterprise|x64.ActiveCfg = Enterprise|Win32
		{724B8CE5-6D58-47AA-877A-20CE8F795002}.Express|Win32.ActiveCfg = Express|Win32
		{724B8CE5-6D58-47AA-877A-20CE8F795002}.Express|Win32.Build.0 = Express|Win32
		{724B8CE5-6D58-47AA-877A-20CE8F795002}.Express|x64.ActiveCfg = Express|Win32
		{724B8CE5-6D58-47AA-877A-20CE8F795002}.Free|Win32.ActiveCfg = Free|Win32
		{724B8CE5-6D58-47AA-877A-20CE8F795002}.Free|Win32.Build.0 = Free|Win32
		{724B8CE5-6D58-47AA-877A-20CE8F795002}.Free|x64.ActiveCfg = Free|Win32
		{724B8CE5-6D58-47AA-877A-20CE8F795002}.Release|Win32.ActiveCfg = Release|Win32
		{724B8CE5-6D58-47AA-877A-20CE8F795002}.Release|Win32.Build.0 = Release|Win32
		{724B8CE5-6D58-47AA-877A-20CE8F795002}.Release|x64.ActiveCfg = Release|Win32
		{C1D15B61-8186-41DE-9B0D-EC289162B461}.Debug|Win32.ActiveCfg = Debug|Win32
		{C1D15B61-8186-41DE-9B0D-EC289162B461}.Debug|Win32.Build.0 = Debug|Win32
		{C1D15B61-8186-41DE-9B0D-EC289162B461}.Debug|x64.ActiveCfg = Debug|Win32
		{C1D15B61-8186-41DE-9B0D-EC289162B461}.Enterprise|Win32.ActiveCfg = Enterprise|Win32
		{C1D15B61-8186-41DE-9B0D-EC289162B461}.Enterprise|Win32.Build.0 = Enterprise|Win32
		{C1D15B61-8186-41DE-9B0D-EC289162B461}.Enterprise|x64.ActiveCfg = Enterprise|Win32
		{C1D15B61-8186-41DE-9B0D-EC289162B461}.Express|Win32.ActiveCfg = Express|Win32
		{C1D15B61-8186-41DE-9B0D-EC289162B461}.Express|Win32.Build.0 = Express|Win32
		{C1D15B61-8186-41DE-9B0D-EC289162B461}.Express|x64.ActiveCfg = Express|Win32
		{C1D15B61-8186-41DE-9B0D-EC289162B461}.Free|Win32.ActiveCfg = Free|Win32
		{C1D15B61-8186-41DE-9B0D-EC289162B461}.Free|Win32.Build.0 = Free|Win32
		{C1D15B61-8186-41DE-9B0D-EC289162B461}.Free|x64.ActiveCfg = Free|Win32
		{C1D15B61-8186-41DE-9B0D-EC289162B461}.Release|Win32.ActiveCfg = Release|Win32
		{C1D15B61-8186-41DE-9B0D-EC289162B461}.Release|Win32.Build.0 = Release|Win32
		{C1D15B61-8186-41DE-9B0D-EC289162B461}.Release|x64.ActiveCfg = Release|Win32
		{55E440C7-B89C-4A2C-A72F-D8EB2D5F7D31}.Debug|Win32.ActiveCfg = Debug|Win32
		{55E440C7-B89C-4A2C-A72F-D8EB2D5F7D31}.Debug|Win32.Build.0 = Debug|Win32
		{55E440C7-B89C-4A2C-A72F-D8EB2D5F7D31}.Debug|x64.ActiveCfg = Debug|x64
		{55E440C7-B89C-4A2C-A72F-D8EB2D5F7D31}.Debug|x64.Build.0 = Debug|x64
		{55E440C7-B89C-4A2C-A72F-D8EB2D5F7D31}.Enterprise|Win32.ActiveCfg = Release|x64
		{55E440C7-B89C-4A2C-A72F-D8EB2D5F7D31}.Enterprise|x64.ActiveCfg = Release|x64
		{55E440C7-B89C-4A2C-A72F-D8EB2D5F7D31}.Enterprise|x64.Build.0 = Release|x64
		{55E440C7-B89C-4A2C-A72F-D8EB2D5F7D31}.Express|Win32.ActiveCfg = Release|x64
		{55E440C7-B89C-4A2C-A72F-D8EB2D5F7D31}.Express|x64.ActiveCfg = Release|x64
		{55E440C7-B89C-4A2C-A72F-D8EB2D5F7D31}.Express|x64.Build.0 = Release|x64
		{55E440C7-B89C-4A2C-A72F-D8EB2D5F7D31}.Free|Win32.ActiveCfg = Release|x64
		{55E440C7-B89C-4A2C-A72F-D8EB2D5F7D31}.Free|x64.ActiveCfg = Release|x64
		{55E440C7-B89C-4A2C-A72F-D8EB2D5F7D31}.Free|x64.Build.0 = Release|x64
		{55E440C7-B89C-4A2C-A72F-D8EB2D5F7D31}.Release|Win32.ActiveCfg = Release|Win32
		{55E440C7-B89C-4A2C-A72F-D8EB2D5F7D31}.Release|Win32.Build.0 = Release|Win32
		{55E440C7-B89C-4A2C-A72F-D8EB2D5F7D31}.Release|x64.ActiveCfg = Release|x64
		{55E440C7-B89C-4A2C-A72F-D8EB2D5F7D31}.Release|x64.Build.0 = Release|x64
		{25E2A5F6-BC61-40C5-9BE2-6B7094BF33B4}.Debug|Win32.ActiveCfg = Debug|Win32
		{25E2A5F6-BC61-40C5-9BE2-6B7094BF33B4}.Debug|Win32.Build.0 = Debug|Win32
		{25E2A5F6-BC61-40C5-9BE2-6B7094BF33B4}.Debug|x64.ActiveCfg = Debug|x64
		{25E2A5F6-BC61-40C5-9BE2-6B7094BF33B4}.Debug|x64.Build.0 = Debug|x64
		{25E2A5F6-BC61-40C5-9BE2-6B7094BF33B4}.Enterprise|Win32.ActiveCfg = Release|x64
		{25E2A5F6-BC61-40C5-9BE2-6B7094BF33B4}.Enterprise|x64.ActiveCfg = Release|x64
		{25E2A5F6-BC61-40C5-9BE2-6B7094BF33B4}.Enterprise|x64.Build.0 = Release|x64
		{25E2A5F6-BC61-40C5-9BE2-6B7094BF33B4}.Express|Win32.ActiveCfg = Release|x64
		{25E2A5F6-BC61-40C5-9BE2-6B7094BF33B4}.Express|x64.ActiveCfg = Release|x64
		{25E2A5F6-BC61-40C5-9BE2-6B7094BF33B4}.Express|x64.Build.0 = Release|x64
		{25E2A5F6-BC61-40C5-9BE2-6B7094BF33B4}.Free|Win32.ActiveCfg = Release|x64
		{25E2A5F6-BC61-40C5-9BE2-6B7094BF33B4}.Free|x64.ActiveCfg = Release|x64
		{25E2A5F6-BC61-40C5-9BE2-6B7094BF33B4}.Free|x64.Build.0 = Release|x64
		{25E2A5F6-BC61-40C5-9BE2-6B7094BF33B4}.Release|Win32.ActiveCfg = Release|Win32
		{25E2A5F6-BC61-40C5-9BE2-6B7094BF33B4}.Release|Win32.Build.0 = Release|Win32
		{25E2A5F6-BC61-40C5-9BE2-6B7094BF33B4}.Release|x64.ActiveCfg = Release|x64
		{25E2A5F6-BC61-40C5-9BE2-6B7094BF33B4}.Release|x64.Build.0 = Release|x64
		{475006B5-4541-413C-AA6B-EC0ECB05790E}.Debug|Win32.ActiveCfg = Debug|Win32
		{475006B5-4541-413C-AA6B-EC0ECB05790E}.Debug|Win32.Build.0 = Debug|Win32
		{475006B5-4541-413C-AA6B-EC0ECB05790E}.Debug|x64.ActiveCfg = Debug|Win32
		{475006B5-4541-413C-AA6B-EC0ECB05790E}.Enterprise|Win32.ActiveCfg = Release|Win32
		{475006B5-4541-413C-AA6B-EC0ECB05790E}.Enterprise|Win32.Build.0 = Release|Win32
		{475006B5-4541-413C-AA6B-EC0ECB05790E}.Enterprise|x64.ActiveCfg = Release|Win32
		{475006B5-4541-413C-AA6B-EC0ECB05790E}.Express|Win32.ActiveCfg = Release|Win32
		{475006B5-4541-413C-AA6B-EC0ECB05790E}.Express|Win32.Build.0 = Release|Win32
		{475006B5-4541-413C-AA6B-EC0ECB05790E}.Express|x64.ActiveCfg = Release|Win32
		{475006B5-4541-413C-AA6B-EC0ECB05790E}.Free|Win32.ActiveCfg = Release|Win32
		{475006B5-4541-413C-AA6B-EC0ECB05790E}.Free|Win32.Build.0 = Release|Win32
		{475006B5-4541-413C-AA6B-EC0ECB05790E}.Free|x64.ActiveCfg = Release|Win32
		{475006B5-4541-413C-AA6B-EC0ECB05790E}.Release|Win32.ActiveCfg = Release|Win32
		{475006B5-4541-413C-AA6B-EC0ECB05790E}.Release|Win32.Build.0 = Release|Win32
		{475006B5-4541-413C-AA6B-EC0ECB05790E}.Release|x64.ActiveCfg = Release|Win32
		{A4B331DC-BB51-4397-845D-E7A72A23E35F}.Debug|Win32.ActiveCfg = Debug|Win32
		{A4B331DC-BB51-4397-845D-E7A72A23E35F}.Debug|Win32.Build.0 = Debug|Win32
		{A4B331DC-BB51-4397-845D-E7A72A23E35F}.Debug|x64.ActiveCfg = Debug|Win32
		{A4B331DC-BB51-4397-845D-E7A72A23E35F}.Enterprise|Win32.ActiveCfg = Release|Win32
		{A4B331DC-BB51-4397-845D-E7A72A23E35F}.Enterprise|Win32.Build.0 = Release|Win32
		{A4B331DC-BB51-4397-845D-E7A72A23E35F}.Enterprise|x64.ActiveCfg = Release|Win32
		{A4B331DC-BB51-4397-845D-E7A72A23E35F}.Express|Win32.ActiveCfg = Release|Win32
		{A4B331DC-BB51-4397-845D-E7A72A23E35F}.Express|Win32.Build.0 = Release|Win32
		{A4B331DC-BB51-4397-845D-E7A72A23E35F}.Express|x64.ActiveCfg = Release|Win32
		{A4B331DC-BB51-4397-845D-E7A72A23E35F}.Free|Win32.ActiveCfg = Release|Win32
		{A4B331DC-BB51-4397-845D-E7A72A23E35F}.Free|Win32.Build.0 = Release|Win32
		{A4B331DC-BB51-4397-845D-E7A72A23E35F}.Free|x64.ActiveCfg = Release|Win32
		{A4B331DC-BB51-4397-845D-E7A72A23E35F}.Release|Win32.ActiveCfg = Release|Win32
		{A4B331DC-BB51-4397-845D-E7A72A23E35F}.Release|Win32.Build.0 = Release|Win32
		{A4B331DC-BB51-4397-845D-E7A72A23E35F}.Release|x64.ActiveCfg = Release|Win32
		{086A6B2B-4ABD-43C9-8B8C-997EA501C514}.Debug|Win32.ActiveCfg = Debug|Win32
		{086A6B2B-4ABD-43C9-8B8C-997EA501C514}.Debug|Win32.Build.0 = Debug|Win32
		{086A6B2B-4ABD-43C9-8B8C-997EA501C514}.Debug|x64.ActiveCfg = Debug|Win32
		{086A6B2B-4ABD-43C9-8B8C-997EA501C514}.Enterprise|Win32.ActiveCfg = Release|Win32
		{086A6B2B-4ABD-43C9-8B8C-997EA501C514}.Enterprise|Win32.Build.0 = Release|Win32
		{086A6B2B-4ABD-43C9-8B8C-997EA501C514}.Enterprise|x64.ActiveCfg = Release|Win32
		{086A6B2B-4ABD-43C9-8B8C-997EA501C514}.Express|Win32.ActiveCfg = Release|Win32
		{086A6B2B-4ABD-43C9-8B8C-997EA501C514}.Express|Win32.Build.0 = Release|Win32
		{086A6B2B-4ABD-43C9-8B8C-997EA501C514}.Express|x64.ActiveCfg = Release|Win32
		{086A6B2B-4ABD-43C9-8B8C-997EA501C514}.Free|Win32.ActiveCfg = Release|Win32
		{086A6B2B-4ABD-43C9-8B8C-997EA501C514}.Free|Win32.Build.0 = Release|Win32
		{086A6B2B-4ABD-43C9-8B8C-997EA501C514}.Free|x64.ActiveCfg = Release|Win32
		{086A6B2B-4ABD-43C9-8B8C-997EA501C514}.Release|Win32.ActiveCfg = Release|Win32
		{086A6B2B-4ABD-43C9-8B8C-997EA501C514}.Release|Win32.Build.0 = Release|Win32
		{086A6B2B-4ABD-43C9-8B8C-997EA501C514}.Release|x64.ActiveCfg = Release|Win32
		{40FAA106-6506-4A11-A027-F3493BEA63FB}.Debug|Win32.ActiveCfg = Debug|Win32
		{40FAA106-6506-4A11-A027-F3493BEA63FB}.Debug|Win32.Build.0 = Debug|Win32
		{40FAA106-6506-4A11-A027-F3493BEA63FB}.Debug|x64.ActiveCfg = Debug|Win32
		{40FAA106-6506-4A11-A027-F3493BEA63FB}.Enterprise|Win32.ActiveCfg = Release|Win32
		{40FAA106-6506-4A11-A027-F3493BEA63FB}.Enterprise|Win32.Build.0 = Release|Win32
		{40FAA106-6506-4A11-A027-F3493BEA63FB}.Enterprise|x64.ActiveCfg = Release|Win32
		{40FAA106-6506-4A11-A027-F3493BEA63FB}.Express|Win32.ActiveCfg = Release|Win32
		{40FAA106-6506-4A11-A027-F3493BEA63FB}.Express|Win32.Build.0 = Release|Win32
		{40FAA106-6506-4A11-A027-F3493BEA63FB}.Express|x64.ActiveCfg = Release|Win32
		{40FAA106-6506-4A11-A027-F3493BEA63FB}.Free|Win32.ActiveCfg = Release|Win32
		{40FAA106-6506-4A11-A027-F3493BEA63FB}.Free|Win32.Build.0 = Release|Win32
		{40FAA106-6506-4A11-A027-F3493BEA63FB}.Free|x64.ActiveCfg = Release|Win32
		{40FAA106-6506-4A11-A027-F3493BEA63FB}.Release|Win32.ActiveCfg = Release|Win32
		{40FAA106-6506-4A11-A027-F3493BEA63FB}.Release|Win32.Build.0 = Release|Win32
		{40FAA106-6506-4A11-A027-F3493BEA63FB}.Release|x64.ActiveCfg = Release|Win32
		{64D595FD-68F0-43F2-A45F-7F5E758B0369}.Debug|Win32.ActiveCfg = Debug|Win32
		{64D595FD-68F0-43F2-A45F-7F5E758B0369}.Debug|Win32.Build.0 = Debug|Win32
		{64D595FD-68F0-43F2-A45F-7F5E758B0369}.Debug|x64.ActiveCfg = Debug|Win32
		{64D595FD-68F0-43F2-A45F-7F5E758B0369}.Enterprise|Win32.ActiveCfg = Release|Win32
		{64D595FD-68F0-43F2-A45F-7F5E758B0369}.Enterprise|Win32.Build.0 = Release|Win32
		{64D595FD-68F0-43F2-A45F-7F5E758B0369}.Enterprise|x64.ActiveCfg = Release|Win32
		{64D595FD-68F0-43F2-A45F-7F5E758B0369}.Express|Win32.ActiveCfg = Release|Win32
		{64D595FD-68F0-43F2-A45F-7F5E758B0369}.Express|Win32.Build.0 = Release|Win32
		{64D595FD-68F0-43F2-A45F-7F5E758B0369}.Express|x64.ActiveCfg = Release|Win32
		{64D595FD-68F0-43F2-A45F-7F5E758B0369}.Free|Win32.ActiveCfg = Release|Win32
		{64D595FD-68F0-43F2-A45F-7F5E758B0369}.Free|Win32.Build.0 = Release|Win32
		{64D595FD-68F0-43F2-A45F-7F5E758B0369}.Free|x64.ActiveCfg = Release|Win32
		{64D595FD-68F0-43F2-A45F-7F5E758B0369}.Release|Win32.ActiveCfg = Release|Win32
		{64D595FD-68F0-43F2-A45F-7F5E758B0369}.Release|Win32.Build.0 = Release|Win32
		{64D595FD-68F0-43F2-A45F-7F5E758B0369}.Release|x64.ActiveCfg = Release|Win32
		{19B3DE18-696A-42D0-B6E3-48C53BFBD527}.Debug|Win32.ActiveCfg = Debug|Win32
		{19B3DE18-696A-42D0-B6E3-48C53BFBD527}.Debug|Win32.Build.0 = Debug|Win32
		{19B3DE18-696A-42D0-B6E3-48C53BFBD527}.Debug|x64.ActiveCfg = Debug|Win32
		{19B3DE18-696A-42D0-B6E3-48C53BFBD527}.Enterprise|Win32.ActiveCfg = Release|Win32
		{19B3DE18-696A-42D0-B6E3-48C53BFBD527}.Enterprise|Win32.Build.0 = Release|Win32
		{19B3DE18-696A-42D0-B6E3-48C53BFBD527}.Enterprise|x64.ActiveCfg = Release|Win32
		{19B3DE18-696A-42D0-B6E3-48C53BFBD527}.Express|Win32.ActiveCfg = Release|Win32
		{19B3DE18-696A-42D0-B6E3-48C53BFBD527}.Express|Win32.Build.0 = Release|Win32
		{19B3DE18-696A-42D0-B6E3-48C53BFBD527}.Express|x64.ActiveCfg = Release|Win32
		{19B3DE18-696A-42D0-B6E3-48C53BFBD527}.Free|Win32.ActiveCfg = Release|Win32
		{19B3DE18-696A-42D0-B6E3-48C53BFBD527}.Free|Win32.Build.0 = Release|Win32
		{19B3DE18-696A-42D0-B6E3-48C53BFBD527}.Free|x64.ActiveCfg = Release|Win32
		{19B3DE18-696A-42D0-B6E3-48C53BFBD527}.Release|Win32.ActiveCfg = Release|Win32
		{19B3DE18-696A-42D0-B6E3-48C53BFBD527}.Release|Win32.Build.0 = Release|Win32
		{19B3DE18-696A-42D0-B6E3-48C53BFBD527}.Release|x64.ActiveCfg = Release|Win32
		{399608FA-1DAD-43C5-95EF-27F480B48142}.Debug|Win32.ActiveCfg = Debug|Win32
		{399608FA-1DAD-43C5-95EF-27F480B48142}.Debug|Win32.Build.0 = Debug|Win32
		{399608FA-1DAD-43C5-95EF-27F480B48142}.Debug|x64.ActiveCfg = Debug|x64
		{399608FA-1DAD-43C5-95EF-27F480B48142}.Debug|x64.Build.0 = Debug|x64
		{399608FA-1DAD-43C5-95EF-27F480B48142}.Enterprise|Win32.ActiveCfg = Release|x64
		{399608FA-1DAD-43C5-95EF-27F480B48142}.Enterprise|x64.ActiveCfg = Release|x64
		{399608FA-1DAD-43C5-95EF-27F480B48142}.Enterprise|x64.Build.0 = Release|x64
		{399608FA-1DAD-43C5-95EF-27F480B48142}.Express|Win32.ActiveCfg = Release|x64
		{399608FA-1DAD-43C5-95EF-27F480B48142}.Express|x64.ActiveCfg = Release|x64
		{399608FA-1DAD-43C5-95EF-27F480B48142}.Express|x64.Build.0 = Release|x64
		{399608FA-1DAD-43C5-95EF-27F480B48142}.Free|Win32.ActiveCfg = Release|x64
		{399608FA-1DAD-43C5-95EF-27F480B48142}.Free|x64.ActiveCfg = Release|x64
		{399608FA-1DAD-43C5-95EF-27F480B48142}.Free|x64.Build.0 = Release|x64
		{399608FA-1DAD-43C5-95EF-27F480B48142}.Release|Win32.ActiveCfg = Release|Win32
		{399608FA-1DAD-43C5-95EF-27F480B48142}.Release|Win32.Build.0 = Release|Win32
		{399608FA-1DAD-43C5-95EF-27F480B48142}.Release|x64.ActiveCfg = Release|x64
		{399608FA-1DAD-43C5-95EF-27F480B48142}.Release|x64.Build.0 = Release|x64
		{D61D5FA0-70C8-4B20-BF8A-EA682DEF3580}.Debug|Win32.ActiveCfg = Debug|Win32
		{D61D5FA0-70C8-4B20-BF8A-EA682DEF3580}.Debug|Win32.Build.0 = Debug|Win32
		{D61D5FA0-70C8-4B20-BF8A-EA682DEF3580}.Debug|x64.ActiveCfg = Debug|x64
		{D61D5FA0-70C8-4B20-BF8A-EA682DEF3580}.Debug|x64.Build.0 = Debug|x64
		{D61D5FA0-70C8-4B20-BF8A-EA682DEF3580}.Enterprise|Win32.ActiveCfg = Release|x64
		{D61D5FA0-70C8-4B20-BF8A-EA682DEF3580}.Enterprise|x64.ActiveCfg = Release|x64
		{D61D5FA0-70C8-4B20-BF8A-EA682DEF3580}.Enterprise|x64.Build.0 = Release|x64
		{D61D5FA0-70C8-4B20-BF8A-EA682DEF3580}.Express|Win32.ActiveCfg = Release|x64
		{D61D5FA0-70C8-4B20-BF8A-EA682DEF3580}.Express|x64.ActiveCfg = Release|x64
		{D61D5FA0-70C8-4B20-BF8A-EA682DEF3580}.Express|x64.Build.0 = Release|x64
		{D61D5FA0-70C8-4B20-BF8A-EA682DEF3580}.Free|Win32.ActiveCfg = Release|x64
		{D61D5FA0-70C8-4B20-BF8A-EA682DEF3580}.Free|x64.ActiveCfg = Release|x64
		{D61D5FA0-70C8-4B20-BF8A-EA682DEF3580}.Free|x64.Build.0 = Release|x64
		{D61D5FA0-70C8-4B20-BF8A-EA682DEF3580}.Release|Win32.ActiveCfg = Release|Win32
		{D61D5FA0-70C8-4B20-BF8A-EA682DEF3580}.Release|Win32.Build.0 = Release|Win32
		{D61D5FA0-70C8-4B20-BF8A-EA682DEF3580}.Release|x64.ActiveCfg = Release|x64
		{D61D5FA0-70C8-4B20-BF8A-EA682DEF3580}.Release|x64.Build.0 = Release|x64
		{E18791FC-DF0B-4106-82E3-0BB22CA7857B}.Debug|Win32.ActiveCfg = Debug|Win32
		{E18791FC-DF0B-4106-82E3-0BB22CA7857B}.Debug|Win32.Build.0 = Debug|Win32
		{E18791FC-DF0B-4106-82E3-0BB22CA7857B}.Debug|x64.ActiveCfg = Debug|Win32
		{E18791FC-DF0B-4106-82E3-0BB22CA7857B}.Enterprise|Win32.ActiveCfg = Release|Win32
		{E18791FC-DF0B-4106-82E3-0BB22CA7857B}.Enterprise|Win32.Build.0 = Release|Win32
		{E18791FC-DF0B-4106-82E3-0BB22CA7857B}.Enterprise|x64.ActiveCfg = Release|Win32
		{E18791FC-DF0B-4106-82E3-0BB22CA7857B}.Express|Win32.ActiveCfg = Release|Win32
		{E18791FC-DF0B-4106-82E3-0BB22CA7857B}.Express|Win32.Build.0 = Release|Win32
		{E18791FC-DF0B-4106-82E3-0BB22CA7857B}.Express|x64.ActiveCfg = Release|Win32
		{E18791FC-DF0B-4106-82E3-0BB22CA7857B}.Free|Win32.ActiveCfg = Release|Win32
		{E18791FC-DF0B-4106-82E3-0BB22CA7857B}.Free|Win32.Build.0 = Release|Win32
		{E18791FC-DF0B-4106-82E3-0BB22CA7857B}.Free|x64.ActiveCfg = Release|Win32
		{E18791FC-DF0B-4106-82E3-0BB22CA7857B}.Release|Win32.ActiveCfg = Release|Win32
		{E18791FC-DF0B-4106-82E3-0BB22CA7857B}.Release|Win32.Build.0 = Release|Win32
		{E18791FC-DF0B-4106-82E3-0BB22CA7857B}.Release|x64.ActiveCfg = Release|Win32
		{9952BBC1-1F3A-4EDE-97C0-2D2701A2BC80}.Debug|Win32.ActiveCfg = Debug|Win32
		{9952BBC1-1F3A-4EDE-97C0-2D2701A2BC80}.Debug|Win32.Build.0 = Debug|Win32
		{9952BBC1-1F3A-4EDE-97C0-2D2701A2BC80}.Debug|x64.ActiveCfg = Debug|Win32
		{9952BBC1-1F3A-4EDE-97C0-2D2701A2BC80}.Enterprise|Win32.ActiveCfg = Release|Win32
		{9952BBC1-1F3A-4EDE-97C0-2D2701A2BC80}.Enterprise|Win32.Build.0 = Release|Win32
		{9952BBC1-1F3A-4EDE-97C0-2D2701A2BC80}.Enterprise|x64.ActiveCfg = Release|Win32
		{9952BBC1-1F3A-4EDE-97C0-2D2701A2BC80}.Express|Win32.ActiveCfg = Release|Win32
		{9952BBC1-1F3A-4EDE-97C0-2D2701A2BC80}.Express|Win32.Build.0 = Release|Win32
		{9952BBC1-1F3A-4EDE-97C0-2D2701A2BC80}.Express|x64.ActiveCfg = Release|Win32
		{9952BBC1-1F3A-4EDE-97C0-2D2701A2BC80}.Free|Win32.ActiveCfg = Release|Win32
		{9952BBC1-1F3A-4EDE-97C0-2D2701A2BC80}.Free|Win32.Build.0 = Release|Win32
		{9952BBC1-1F3A-4EDE-97C0-2D2701A2BC80}.Free|x64.ActiveCfg = Release|Win32
		{9952BBC1-1F3A-4EDE-97C0-2D2701A2BC80}.Release|Win32.ActiveCfg = Release|Win32
		{9952BBC1-1F3A-4EDE-97C0-2D2701A2BC80}.Release|Win32.Build.0 = Release|Win32
		{9952BBC1-1F3A-4EDE-97C0-2D2701A2BC80}.Release|x64.ActiveCfg = Release|Win32
		{79D20EC9-2121-4062-92EE-2F086FD54ACC}.Debug|Win32.ActiveCfg = Debug|Win32
		{79D20EC9-2121-4062-92EE-2F086FD54ACC}.Debug|Win32.Build.0 = Debug|Win32
		{79D20EC9-2121-4062-92EE-2F086FD54ACC}.Debug|x64.ActiveCfg = Debug|x64
		{79D20EC9-2121-4062-92EE-2F086FD54ACC}.Debug|x64.Build.0 = Debug|x64
		{79D20EC9-2121-4062-92EE-2F086FD54ACC}.Enterprise|Win32.ActiveCfg = Release|x64
		{79D20EC9-2121-4062-92EE-2F086FD54ACC}.Enterprise|x64.ActiveCfg = Release|x64
		{79D20EC9-2121-4062-92EE-2F086FD54ACC}.Enterprise|x64.Build.0 = Release|x64
		{79D20EC9-2121-4062-92EE-2F086FD54ACC}.Express|Win32.ActiveCfg = Release|x64
		{79D20EC9-2121-4062-92EE-2F086FD54ACC}.Express|x64.ActiveCfg = Release|x64
		{79D20EC9-2121-4062-92EE-2F086FD54ACC}.Express|x64.Build.0 = Release|x64
		{79D20EC9-2121-4062-92EE-2F086FD54ACC}.Free|Win32.ActiveCfg = Release|x64
		{79D20EC9-2121-4062-92EE-2F086FD54ACC}.Free|x64.ActiveCfg = Release|x64
		{79D20EC9-2121-4062-92EE-2F086FD54ACC}.Free|x64.Build.0 = Release|x64
		{79D20EC9-2121-4062-92EE-2F086FD54ACC}.Release|Win32.ActiveCfg = Release|Win32
		{79D20EC9-2121-4062-92EE-2F086FD54ACC}.Release|Win32.Build.0 = Release|Win32
		{79D20EC9-2121-4062-92EE-2F086FD54ACC}.Release|x64.ActiveCfg = Release|x64
		{79D20EC9-2121-4062-92EE-2F086FD54ACC}.Release|x64.Build.0 = Release|x64
		{47AE7B3C-E415-4441-8828-10B1B6BA63B1}.Debug|Win32.ActiveCfg = Debug|Win32
		{47AE7B3C-E415-4441-8828-10B1B6BA63B1}.Debug|Win32.Build.0 = Debug|Win32
		{47AE7B3C-E415-4441-8828-10B1B6BA63B1}.Debug|x64.ActiveCfg = Debug|Win32
		{47AE7B3C-E415-4441-8828-10B1B6BA63B1}.Enterprise|Win32.ActiveCfg = Enterprise|Win32
		{47AE7B3C-E415-4441-8828-10B1B6BA63B1}.Enterprise|Win32.Build.0 = Enterprise|Win32
		{47AE7B3C-E415-4441-8828-10B1B6BA63B1}.Enterprise|x64.ActiveCfg = Enterprise|Win32
		{47AE7B3C-E415-4441-8828-10B1B6BA63B1}.Express|Win32.ActiveCfg = Express|Win32
		{47AE7B3C-E415-4441-8828-10B1B6BA63B1}.Express|Win32.Build.0 = Express|Win32
		{47AE7B3C-E415-4441-8828-10B1B6BA63B1}.Express|x64.ActiveCfg = Express|Win32
		{47AE7B3C-E415-4441-8828-10B1B6BA63B1}.Free|Win32.ActiveCfg = Free|Win32
		{47AE7B3C-E415-4441-8828-10B1B6BA63B1}.Free|Win32.Build.0 = Free|Win32
		{47AE7B3C-E415-4441-8828-10B1B6BA63B1}.Free|x64.ActiveCfg = Free|Win32
		{47AE7B3C-E415-4441-8828-10B1B6BA63B1}.Release|Win32.ActiveCfg = Release|Win32
		{47AE7B3C-E415-4441-8828-10B1B6BA63B1}.Release|Win32.Build.0 = Release|Win32
		{47AE7B3C-E415-4441-8828-10B1B6BA63B1}.Release|x64.ActiveCfg = Release|Win32
		{4E959371-1924-4F73-B7BB-14C3DD83DA53}.Debug|Win32.ActiveCfg = Debug|Win32
		{4E959371-1924-4F73-B7BB-14C3DD83DA53}.Debug|Win32.Build.0 = Debug|Win32
		{4E959371-1924-4F73-B7BB-14C3DD83DA53}.Debug|x64.ActiveCfg = Debug|Win32
		{4E959371-1924-4F73-B7BB-14C3DD83DA53}.Enterprise|Win32.ActiveCfg = Release|Win32
		{4E959371-1924-4F73-B7BB-14C3DD83DA53}.Enterprise|Win32.Build.0 = Release|Win32
		{4E959371-1924-4F73-B7BB-14C3DD83DA53}.Enterprise|x64.ActiveCfg = Release|Win32
		{4E959371-1924-4F73-B7BB-14C3DD83DA53}.Express|Win32.ActiveCfg = Release|Win32
		{4E959371-1924-4F73-B7BB-14C3DD83DA53}.Express|Win32.Build.0 = Release|Win32
		{4E959371-1924-4F73-B7BB-14C3DD83DA53}.Express|x64.ActiveCfg = Release|Win32
		{4E959371-1924-4F73-B7BB-14C3DD83DA53}.Free|Win32.ActiveCfg = Release|Win32
		{4E959371-1924-4F73-B7BB-14C3DD83DA53}.Free|Win32.Build.0 = Release|Win32
		{4E959371-1924-4F73-B7BB-14C3DD83DA53}.Free|x64.ActiveCfg = Release|Win32
		{4E959371-1924-4F73-B7BB-14C3DD83DA53}.Release|Win32.ActiveCfg = Release|Win32
		{4E959371-1924-4F73-B7BB-14C3DD83DA53}.Release|Win32.Build.0 = Release|Win32
		{4E959371-1924-4F73-B7BB-14C3DD83DA53}.Release|x64.ActiveCfg = Release|Win32
		{9A4EC7B8-8394-41F1-8684-AACCF209D68A}.Debug|Win32.ActiveCfg = Debug|Win32
		{9A4EC7B8-8394-41F1-8684-AACCF209D68A}.Debug|Win32.Build.0 = Debug|Win32
		{9A4EC7B8-8394-41F1-8684-AACCF209D68A}.Debug|x64.ActiveCfg = Debug|Win32
		{9A4EC7B8-8394-41F1-8684-AACCF209D68A}.Enterprise|Win32.ActiveCfg = Release|Win32
		{9A4EC7B8-8394-41F1-8684-AACCF209D68A}.Enterprise|Win32.Build.0 = Release|Win32
		{9A4EC7B8-8394-41F1-8684-AACCF209D68A}.Enterprise|x64.ActiveCfg = Release|Win32
		{9A4EC7B8-8394-41F1-8684-AACCF209D68A}.Express|Win32.ActiveCfg = Release|Win32
		{9A4EC7B8-8394-41F1-8684-AACCF209D68A}.Express|Win32.Build.0 = Release|Win32
		{9A4EC7B8-8394-41F1-8684-AACCF209D68A}.Express|x64.ActiveCfg = Release|Win32
		{9A4EC7B8-8394-41F1-8684-AACCF209D68A}.Free|Win32.ActiveCfg = Release|Win32
		{9A4EC7B8-8394-41F1-8684-AACCF209D68A}.Free|Win32.Build.0 = Release|Win32
		{9A4EC7B8-8394-41F1-8684-AACCF209D68A}.Free|x64.ActiveCfg = Release|Win32
		{9A4EC7B8-8394-41F1-8684-AACCF209D68A}.Release|Win32.ActiveCfg = Release|Win32
		{9A4EC7B8-8394-41F1-8684-AACCF209D68A}.Release|Win32.Build.0 = Release|Win32
		{9A4EC7B8-8394-41F1-8684-AACCF209D68A}.Release|x64.ActiveCfg = Release|Win32
	EndGlobalSection
	GlobalSection(SolutionProperties) = preSolution
		HideSolutionNode = FALSE
	EndGlobalSection
	GlobalSection(NestedProjects) = preSolution
		{D845FC64-C29B-40A7-82E4-D80460AA5226} = {D920C482-E308-4432-B13B-043BC06B5EFE}
		{8004EE73-5F37-4E18-96A7-B8D92BD6B180} = {D920C482-E308-4432-B13B-043BC06B5EFE}
		{2F801C00-EB13-4F7C-B492-3A8EEEAFCD35} = {D920C482-E308-4432-B13B-043BC06B5EFE}
		{033AC1F4-CE93-4EF6-8517-96D940B56CD9} = {D920C482-E308-4432-B13B-043BC06B5EFE}
		{25E2A5F6-BC61-40C5-9BE2-6B7094BF33B4} = {D920C482-E308-4432-B13B-043BC06B5EFE}
		{086A6B2B-4ABD-43C9-8B8C-997EA501C514} = {D920C482-E308-4432-B13B-043BC06B5EFE}
		{399608FA-1DAD-43C5-95EF-27F480B48142} = {D920C482-E308-4432-B13B-043BC06B5EFE}
		{D61D5FA0-70C8-4B20-BF8A-EA682DEF3580} = {D920C482-E308-4432-B13B-043BC06B5EFE}
		{79D20EC9-2121-4062-92EE-2F086FD54ACC} = {D920C482-E308-4432-B13B-043BC06B5EFE}
		{3D8DA207-45B2-46CA-9056-9B74F6281D6D} = {57DBEB3C-8284-48AC-BDD2-D028650F4538}
		{81550798-07E7-4B8A-B69E-961AF7E31D63} = {57DBEB3C-8284-48AC-BDD2-D028650F4538}
		{59D41877-2E24-4B51-91EF-985FD0DE346E} = {57DBEB3C-8284-48AC-BDD2-D028650F4538}
		{5C36E535-0346-4D59-AC64-EAEAF4FA340A} = {57DBEB3C-8284-48AC-BDD2-D028650F4538}
		{0E889005-D67C-46C5-B60B-F7B217BC0C81} = {57DBEB3C-8284-48AC-BDD2-D028650F4538}
		{3A59F11B-8B16-47B4-AF6E-C100AEF11D5C} = {57DBEB3C-8284-48AC-BDD2-D028650F4538}
		{4EB7C25F-4DAB-4F79-BCCE-00AA582C61C5} = {57DBEB3C-8284-48AC-BDD2-D028650F4538}
		{39421B8C-2A9A-4208-A267-1C97DB9D0025} = {57DBEB3C-8284-48AC-BDD2-D028650F4538}
		{E0A433A2-50BE-4149-84A2-5F68C0E064D5} = {57DBEB3C-8284-48AC-BDD2-D028650F4538}
		{0523DE16-6BA7-4ACF-A0FA-EA3E3BC03BA8} = {57DBEB3C-8284-48AC-BDD2-D028650F4538}
		{724B8CE5-6D58-47AA-877A-20CE8F795002} = {57DBEB3C-8284-48AC-BDD2-D028650F4538}
		{C1D15B61-8186-41DE-9B0D-EC289162B461} = {57DBEB3C-8284-48AC-BDD2-D028650F4538}
		{E18791FC-DF0B-4106-82E3-0BB22CA7857B} = {57DBEB3C-8284-48AC-BDD2-D028650F4538}
		{47AE7B3C-E415-4441-8828-10B1B6BA63B1} = {57DBEB3C-8284-48AC-BDD2-D028650F4538}
		{9A4EC7B8-8394-41F1-8684-AACCF209D68A} = {57DBEB3C-8284-48AC-BDD2-D028650F4538}
		{6C6F18E3-49B4-4B5F-B518-469E4AC86BF8} = {99046E98-DC4B-4221-9810-3B70451DA4C1}
		{7100550C-45D3-4C76-B6FB-494720CEF1EB} = {99046E98-DC4B-4221-9810-3B70451DA4C1}
		{475006B5-4541-413C-AA6B-EC0ECB05790E} = {99046E98-DC4B-4221-9810-3B70451DA4C1}
		{55E440C7-B89C-4A2C-A72F-D8EB2D5F7D31} = {033AC1F4-CE93-4EF6-8517-96D940B56CD9}
		{A4B331DC-BB51-4397-845D-E7A72A23E35F} = {4A73D271-54BC-4473-AD67-A8955DE250FC}
		{40FAA106-6506-4A11-A027-F3493BEA63FB} = {5612F8BF-768B-4AB5-9024-58615C868C4F}
		{64D595FD-68F0-43F2-A45F-7F5E758B0369} = {5612F8BF-768B-4AB5-9024-58615C868C4F}
		{19B3DE18-696A-42D0-B6E3-48C53BFBD527} = {5612F8BF-768B-4AB5-9024-58615C868C4F}
		{9952BBC1-1F3A-4EDE-97C0-2D2701A2BC80} = {8954EE42-2209-4790-9792-278C4FF8AC58}
		{4E959371-1924-4F73-B7BB-14C3DD83DA53} = {8954EE42-2209-4790-9792-278C4FF8AC58}
	EndGlobalSection
EndGlobal
