<?xml version="1.0" encoding="utf-8"?>
<Project ToolsVersion="4.0" xmlns="http://schemas.microsoft.com/developer/msbuild/2003">
  <ItemGroup>
    <Filter Include="源文件">
      <UniqueIdentifier>{4FC737F1-C7A5-4376-A066-2A32D752A2FF}</UniqueIdentifier>
      <Extensions>cpp;c;cc;cxx;def;odl;idl;hpj;bat;asm;asmx</Extensions>
    </Filter>
    <Filter Include="头文件">
      <UniqueIdentifier>{93995380-89BD-4b04-88EB-625FBE52EBFB}</UniqueIdentifier>
      <Extensions>h;hpp;hxx;hm;inl;inc;xsd</Extensions>
    </Filter>
    <Filter Include="资源文件">
      <UniqueIdentifier>{67DA6AB6-F800-4c08-8B7A-83BB121AAD01}</UniqueIdentifier>
      <Extensions>rc;ico;cur;bmp;dlg;rc2;rct;bin;rgs;gif;jpg;jpeg;jpe;resx;tiff;tif;png;wav;mfcribbon-ms</Extensions>
    </Filter>
    <Filter Include="头文件\Lua">
      <UniqueIdentifier>{043f36d9-0a90-4b42-aa29-6acca4126424}</UniqueIdentifier>
    </Filter>
    <Filter Include="源文件\Lua">
      <UniqueIdentifier>{5cbcb073-49fa-4207-83d0-3ea9ef734c35}</UniqueIdentifier>
    </Filter>
  </ItemGroup>
  <ItemGroup>
    <ClCompile Include="Lua\lapi.c">
      <Filter>源文件\Lua</Filter>
    </ClCompile>
    <ClCompile Include="Lua\print.c">
      <Filter>源文件\Lua</Filter>
    </ClCompile>
    <ClCompile Include="Lua\lauxlib.c">
      <Filter>源文件\Lua</Filter>
    </ClCompile>
    <ClCompile Include="Lua\lbaselib.c">
      <Filter>源文件\Lua</Filter>
    </ClCompile>
    <ClCompile Include="Lua\lcode.c">
      <Filter>源文件\Lua</Filter>
    </ClCompile>
    <ClCompile Include="Lua\ldblib.c">
      <Filter>源文件\Lua</Filter>
    </ClCompile>
    <ClCompile Include="Lua\ldebug.c">
      <Filter>源文件\Lua</Filter>
    </ClCompile>
    <ClCompile Include="Lua\ldo.c">
      <Filter>源文件\Lua</Filter>
    </ClCompile>
    <ClCompile Include="Lua\ldump.c">
      <Filter>源文件\Lua</Filter>
    </ClCompile>
    <ClCompile Include="Lua\lfunc.c">
      <Filter>源文件\Lua</Filter>
    </ClCompile>
    <ClCompile Include="Lua\lgc.c">
      <Filter>源文件\Lua</Filter>
    </ClCompile>
    <ClCompile Include="Lua\linit.c">
      <Filter>源文件\Lua</Filter>
    </ClCompile>
    <ClCompile Include="Lua\liolib.c">
      <Filter>源文件\Lua</Filter>
    </ClCompile>
    <ClCompile Include="Lua\llex.c">
      <Filter>源文件\Lua</Filter>
    </ClCompile>
    <ClCompile Include="Lua\lmathlib.c">
      <Filter>源文件\Lua</Filter>
    </ClCompile>
    <ClCompile Include="Lua\lmem.c">
      <Filter>源文件\Lua</Filter>
    </ClCompile>
    <ClCompile Include="Lua\loadlib.c">
      <Filter>源文件\Lua</Filter>
    </ClCompile>
    <ClCompile Include="Lua\lobject.c">
      <Filter>源文件\Lua</Filter>
    </ClCompile>
    <ClCompile Include="Lua\lopcodes.c">
      <Filter>源文件\Lua</Filter>
    </ClCompile>
    <ClCompile Include="Lua\loslib.c">
      <Filter>源文件\Lua</Filter>
    </ClCompile>
    <ClCompile Include="Lua\lparser.c">
      <Filter>源文件\Lua</Filter>
    </ClCompile>
    <ClCompile Include="Lua\lstate.c">
      <Filter>源文件\Lua</Filter>
    </ClCompile>
    <ClCompile Include="Lua\lstring.c">
      <Filter>源文件\Lua</Filter>
    </ClCompile>
    <ClCompile Include="Lua\lstrlib.c">
      <Filter>源文件\Lua</Filter>
    </ClCompile>
    <ClCompile Include="Lua\ltable.c">
      <Filter>源文件\Lua</Filter>
    </ClCompile>
    <ClCompile Include="Lua\ltablib.c">
      <Filter>源文件\Lua</Filter>
    </ClCompile>
    <ClCompile Include="Lua\ltm.c">
      <Filter>源文件\Lua</Filter>
    </ClCompile>
    <ClCompile Include="Lua\lua.c">
      <Filter>源文件\Lua</Filter>
    </ClCompile>
    <ClCompile Include="Lua\lundump.c">
      <Filter>源文件\Lua</Filter>
    </ClCompile>
    <ClCompile Include="Lua\lvm.c">
      <Filter>源文件\Lua</Filter>
    </ClCompile>
    <ClCompile Include="Lua\lzio.c">
      <Filter>源文件\Lua</Filter>
    </ClCompile>
    <ClCompile Include="LuaObject.cpp">
      <Filter>源文件</Filter>
    </ClCompile>
    <ClCompile Include="LuaPlus.cpp">
      <Filter>源文件</Filter>
    </ClCompile>
    <ClCompile Include="LuaPlus_Libs.cpp">
      <Filter>源文件</Filter>
    </ClCompile>
    <ClCompile Include="LuaPlusAddons.c">
      <Filter>源文件</Filter>
    </ClCompile>
    <ClCompile Include="LuaState.cpp">
      <Filter>源文件</Filter>
    </ClCompile>
    <ClCompile Include="LuaState_DumpObject.cpp">
      <Filter>源文件</Filter>
    </ClCompile>
    <ClCompile Include="LuaStateOutFile.cpp">
      <Filter>源文件</Filter>
    </ClCompile>
    <ClCompile Include="LuaTableIterator.cpp">
      <Filter>源文件</Filter>
    </ClCompile>
    <ClCompile Include="lwstrlib.c">
      <Filter>源文件</Filter>
    </ClCompile>
    <ClCompile Include="popen.c">
      <Filter>源文件</Filter>
    </ClCompile>
  </ItemGroup>
  <ItemGroup>
    <ClInclude Include="Lua\lapi.h">
      <Filter>头文件\Lua</Filter>
    </ClInclude>
    <ClInclude Include="Lua\lzio.h">
      <Filter>头文件\Lua</Filter>
    </ClInclude>
    <ClInclude Include="Lua\lauxlib.h">
      <Filter>头文件\Lua</Filter>
    </ClInclude>
    <ClInclude Include="Lua\lcode.h">
      <Filter>头文件\Lua</Filter>
    </ClInclude>
    <ClInclude Include="Lua\ldebug.h">
      <Filter>头文件\Lua</Filter>
    </ClInclude>
    <ClInclude Include="Lua\ldo.h">
      <Filter>头文件\Lua</Filter>
    </ClInclude>
    <ClInclude Include="Lua\lfunc.h">
      <Filter>头文件\Lua</Filter>
    </ClInclude>
    <ClInclude Include="Lua\lgc.h">
      <Filter>头文件\Lua</Filter>
    </ClInclude>
    <ClInclude Include="Lua\llex.h">
      <Filter>头文件\Lua</Filter>
    </ClInclude>
    <ClInclude Include="Lua\llimits.h">
      <Filter>头文件\Lua</Filter>
    </ClInclude>
    <ClInclude Include="Lua\lmem.h">
      <Filter>头文件\Lua</Filter>
    </ClInclude>
    <ClInclude Include="Lua\lobject.h">
      <Filter>头文件\Lua</Filter>
    </ClInclude>
    <ClInclude Include="Lua\lopcodes.h">
      <Filter>头文件\Lua</Filter>
    </ClInclude>
    <ClInclude Include="Lua\lparser.h">
      <Filter>头文件\Lua</Filter>
    </ClInclude>
    <ClInclude Include="Lua\lstate.h">
      <Filter>头文件\Lua</Filter>
    </ClInclude>
    <ClInclude Include="Lua\lstring.h">
      <Filter>头文件\Lua</Filter>
    </ClInclude>
    <ClInclude Include="Lua\ltable.h">
      <Filter>头文件\Lua</Filter>
    </ClInclude>
    <ClInclude Include="Lua\ltm.h">
      <Filter>头文件\Lua</Filter>
    </ClInclude>
    <ClInclude Include="Lua\lua.h">
      <Filter>头文件\Lua</Filter>
    </ClInclude>
    <ClInclude Include="Lua\luaconf.h">
      <Filter>头文件\Lua</Filter>
    </ClInclude>
    <ClInclude Include="Lua\lualib.h">
      <Filter>头文件\Lua</Filter>
    </ClInclude>
    <ClInclude Include="Lua\lundump.h">
      <Filter>头文件\Lua</Filter>
    </ClInclude>
    <ClInclude Include="Lua\lvm.h">
      <Filter>头文件\Lua</Filter>
    </ClInclude>
    <ClInclude Include="LuaAutoBlock.h">
      <Filter>头文件</Filter>
    </ClInclude>
    <ClInclude Include="LuaCall.h">
      <Filter>头文件</Filter>
    </ClInclude>
    <ClInclude Include="LuaFunction.h">
      <Filter>头文件</Filter>
    </ClInclude>
    <ClInclude Include="LuaHelper.h">
      <Filter>头文件</Filter>
    </ClInclude>
    <ClInclude Include="LuaHelper_Object.h">
      <Filter>头文件</Filter>
    </ClInclude>
    <ClInclude Include="LuaHelper_StackObject.h">
      <Filter>头文件</Filter>
    </ClInclude>
    <ClInclude Include="LuaLink.h">
      <Filter>头文件</Filter>
    </ClInclude>
    <ClInclude Include="LuaObject.h">
      <Filter>头文件</Filter>
    </ClInclude>
    <ClInclude Include="LuaPlus.h">
      <Filter>头文件</Filter>
    </ClInclude>
    <ClInclude Include="LuaPlusCD.h">
      <Filter>头文件</Filter>
    </ClInclude>
    <ClInclude Include="LuaPlusInternal.h">
      <Filter>头文件</Filter>
    </ClInclude>
    <ClInclude Include="LuaStackObject.h">
      <Filter>头文件</Filter>
    </ClInclude>
    <ClInclude Include="LuaStackTableIterator.h">
      <Filter>头文件</Filter>
    </ClInclude>
    <ClInclude Include="LuaState.h">
      <Filter>头文件</Filter>
    </ClInclude>
    <ClInclude Include="LuaStateCD.h">
      <Filter>头文件</Filter>
    </ClInclude>
    <ClInclude Include="LuaStateOutFile.h">
      <Filter>头文件</Filter>
    </ClInclude>
    <ClInclude Include="LuaTableIterator.h">
      <Filter>头文件</Filter>
    </ClInclude>
  </ItemGroup>
  <ItemGroup>
    <None Include="LuaCall.inl">
      <Filter>头文件</Filter>
    </None>
    <None Include="LuaObject.inl">
      <Filter>头文件</Filter>
    </None>
    <None Include="LuaStackObject.inl">
      <Filter>头文件</Filter>
    </None>
    <None Include="LuaStackTableIterator.inl">
      <Filter>头文件</Filter>
    </None>
    <None Include="LuaState.inl">
      <Filter>头文件</Filter>
    </None>
  </ItemGroup>
</Project>